<?xml version="1.0" encoding="utf-8"?>
<Project ToolsVersion="4.0" xmlns="http://schemas.microsoft.com/developer/msbuild/2003">
  <ItemGroup>
    <Filter Include="Source Files">
      <UniqueIdentifier>{4FC737F1-C7A5-4376-A066-2A32D752A2FF}</UniqueIdentifier>
      <Extensions>cpp;c;cc;cxx;def;odl;idl;hpj;bat;asm;asmx</Extensions>
    </Filter>
    <Filter Include="Header Files">
      <UniqueIdentifier>{93995380-89BD-4b04-88EB-625FBE52EBFB}</UniqueIdentifier>
      <Extensions>h;hh;hpp;hxx;hm;inl;inc;xsd</Extensions>
    </Filter>
    <Filter Include="Resource Files">
      <UniqueIdentifier>{67DA6AB6-F800-4c08-8B7A-83BB121AAD01}</UniqueIdentifier>
      <Extensions>rc;ico;cur;bmp;dlg;rc2;rct;bin;rgs;gif;jpg;jpeg;jpe;resx;tiff;tif;png;wav;mfcribbon-ms</Extensions>
    </Filter>
  </ItemGroup>
  <ItemGroup>
    <Text Include="ReadMe.txt" />
  </ItemGroup>
  <ItemGroup>
    <ClInclude Include="stdafx.h">
      <Filter>Header Files</Filter>
    </ClInclude>
    <ClInclude Include="targetver.h">
      <Filter>Header Files</Filter>
    </ClInclude>
    <ClInclude Include="UserClass.h">
      <Filter>Header Files</Filter>
    </ClInclude>
    <ClInclude Include="StatusClass.h">
      <Filter>Header Files</Filter>
    </ClInclude>
    <ClInclude Include="OrmasBL.h">
      <Filter>Header Files</Filter>
    </ClInclude>
    <ClInclude Include="RoleClass.h">
      <Filter>Header Files</Filter>
    </ClInclude>
    <ClInclude Include="ReturnClass.h">
      <Filter>Header Files</Filter>
    </ClInclude>
    <ClInclude Include="ProductClass.h">
      <Filter>Header Files</Filter>
    </ClInclude>
    <ClInclude Include="ProductTypeClass.h">
      <Filter>Header Files</Filter>
    </ClInclude>
    <ClInclude Include="OrderClass.h">
      <Filter>Header Files</Filter>
    </ClInclude>
    <ClInclude Include="MeasureClass.h">
      <Filter>Header Files</Filter>
    </ClInclude>
    <ClInclude Include="CurrencyClass.h">
      <Filter>Header Files</Filter>
    </ClInclude>
    <ClInclude Include="CompanyClass.h">
      <Filter>Header Files</Filter>
    </ClInclude>
    <ClInclude Include="AllClassHeaders.h">
      <Filter>Header Files</Filter>
    </ClInclude>
    <ClInclude Include="OrderViewClass.h">
      <Filter>Header Files</Filter>
    </ClInclude>
    <ClInclude Include="ReturnViewClass.h">
      <Filter>Header Files</Filter>
    </ClInclude>
    <ClInclude Include="LocationClass.h">
      <Filter>Header Files</Filter>
    </ClInclude>
    <ClInclude Include="UserViewClass.h">
      <Filter>Header Files</Filter>
    </ClInclude>
    <ClInclude Include="ProductionClass.h">
      <Filter>Header Files</Filter>
    </ClInclude>
    <ClInclude Include="ProductViewClass.h">
      <Filter>Header Files</Filter>
    </ClInclude>
    <ClInclude Include="BalanceClass.h">
      <Filter>Header Files</Filter>
    </ClInclude>
    <ClInclude Include="BalanceViewClass.h">
      <Filter>Header Files</Filter>
    </ClInclude>
    <ClInclude Include="ClientClass.h">
      <Filter>Header Files</Filter>
    </ClInclude>
    <ClInclude Include="AccessClass.h">
      <Filter>Header Files</Filter>
    </ClInclude>
    <ClInclude Include="AccessItemClass.h">
      <Filter>Header Files</Filter>
    </ClInclude>
    <ClInclude Include="EmployeeClass.h">
      <Filter>Header Files</Filter>
    </ClInclude>
    <ClInclude Include="ClientViewClass.h">
      <Filter>Header Files</Filter>
    </ClInclude>
    <ClInclude Include="EmployeeViewClass.h">
      <Filter>Header Files</Filter>
    </ClInclude>
    <ClInclude Include="OrderListClass.h">
      <Filter>Header Files</Filter>
    </ClInclude>
    <ClInclude Include="OrderListViewClass.h">
      <Filter>Header Files</Filter>
    </ClInclude>
    <ClInclude Include="PaymentClass.h">
      <Filter>Header Files</Filter>
    </ClInclude>
    <ClInclude Include="PaymentViewClass.h">
      <Filter>Header Files</Filter>
    </ClInclude>
    <ClInclude Include="PhotoClass.h">
      <Filter>Header Files</Filter>
    </ClInclude>
    <ClInclude Include="PositionClass.h">
      <Filter>Header Files</Filter>
    </ClInclude>
    <ClInclude Include="PriceClass.h">
      <Filter>Header Files</Filter>
    </ClInclude>
    <ClInclude Include="PriceViewClass.h">
      <Filter>Header Files</Filter>
    </ClInclude>
    <ClInclude Include="ProductionListClass.h">
      <Filter>Header Files</Filter>
    </ClInclude>
    <ClInclude Include="ProductionListViewClass.h">
      <Filter>Header Files</Filter>
    </ClInclude>
    <ClInclude Include="RelationTypeClass.h">
      <Filter>Header Files</Filter>
    </ClInclude>
    <ClInclude Include="RelationClass.h">
      <Filter>Header Files</Filter>
    </ClInclude>
    <ClInclude Include="ReturnListClass.h">
      <Filter>Header Files</Filter>
    </ClInclude>
    <ClInclude Include="ReturnListViewClass.h">
      <Filter>Header Files</Filter>
    </ClInclude>
    <ClInclude Include="SalaryClass.h">
      <Filter>Header Files</Filter>
    </ClInclude>
    <ClInclude Include="SalaryViewClass.h">
      <Filter>Header Files</Filter>
    </ClInclude>
    <ClInclude Include="SalaryTypeClass.h">
      <Filter>Header Files</Filter>
    </ClInclude>
    <ClInclude Include="WriteOffClass.h">
      <Filter>Header Files</Filter>
    </ClInclude>
    <ClInclude Include="WriteOffViewClass.h">
      <Filter>Header Files</Filter>
    </ClInclude>
    <ClInclude Include="WriteOffListClass.h">
      <Filter>Header Files</Filter>
    </ClInclude>
    <ClInclude Include="WriteOffListViewClass.h">
      <Filter>Header Files</Filter>
    </ClInclude>
    <ClInclude Include="WithdrawalClass.h">
      <Filter>Header Files</Filter>
    </ClInclude>
    <ClInclude Include="WithdrawalViewClass.h">
      <Filter>Header Files</Filter>
    </ClInclude>
    <ClInclude Include="PayslipClass.h">
      <Filter>Header Files</Filter>
    </ClInclude>
    <ClInclude Include="RefundClass.h">
      <Filter>Header Files</Filter>
    </ClInclude>
    <ClInclude Include="PayslipViewClass.h">
      <Filter>Header Files</Filter>
    </ClInclude>
    <ClInclude Include="RefundViewClass.h">
      <Filter>Header Files</Filter>
    </ClInclude>
    <ClInclude Include="BalancePaymentRelationClass.h">
      <Filter>Header Files</Filter>
    </ClInclude>
    <ClInclude Include="BalancePayslipRelationClass.h">
      <Filter>Header Files</Filter>
    </ClInclude>
    <ClInclude Include="BalanceRefundRelationClass.h">
      <Filter>Header Files</Filter>
    </ClInclude>
    <ClInclude Include="BalanceWithdrawalRelationClass.h">
      <Filter>Header Files</Filter>
    </ClInclude>
    <ClInclude Include="PayslipOrderRelationClass.h">
      <Filter>Header Files</Filter>
    </ClInclude>
    <ClInclude Include="ConsumeProductClass.h">
      <Filter>Header Files</Filter>
    </ClInclude>
    <ClInclude Include="ConsumeProductViewClass.h">
      <Filter>Header Files</Filter>
    </ClInclude>
    <ClInclude Include="ConsumeProductListViewClass.h">
      <Filter>Header Files</Filter>
    </ClInclude>
    <ClInclude Include="ConsumeProductListClass.h">
      <Filter>Header Files</Filter>
    </ClInclude>
    <ClInclude Include="ConsumeRawClass.h">
      <Filter>Header Files</Filter>
    </ClInclude>
    <ClInclude Include="ConsumeRawListClass.h">
      <Filter>Header Files</Filter>
    </ClInclude>
    <ClInclude Include="ConsumeRawListViewClass.h">
      <Filter>Header Files</Filter>
    </ClInclude>
    <ClInclude Include="ConsumeRawViewClass.h">
      <Filter>Header Files</Filter>
    </ClInclude>
    <ClInclude Include="InventorizationClass.h">
      <Filter>Header Files</Filter>
    </ClInclude>
    <ClInclude Include="InventorizationListClass.h">
      <Filter>Header Files</Filter>
    </ClInclude>
    <ClInclude Include="InventorizationListViewClass.h">
      <Filter>Header Files</Filter>
    </ClInclude>
    <ClInclude Include="InventorizationViewClass.h">
      <Filter>Header Files</Filter>
    </ClInclude>
    <ClInclude Include="OrderRawClass.h">
      <Filter>Header Files</Filter>
    </ClInclude>
    <ClInclude Include="OrderRawListClass.h">
      <Filter>Header Files</Filter>
    </ClInclude>
    <ClInclude Include="OrderRawListViewClass.h">
      <Filter>Header Files</Filter>
    </ClInclude>
    <ClInclude Include="OrderRawViewClass.h">
      <Filter>Header Files</Filter>
    </ClInclude>
    <ClInclude Include="ReceiptProductClass.h">
      <Filter>Header Files</Filter>
    </ClInclude>
    <ClInclude Include="ReceiptProductListClass.h">
      <Filter>Header Files</Filter>
    </ClInclude>
    <ClInclude Include="ReceiptProductListViewClass.h">
      <Filter>Header Files</Filter>
    </ClInclude>
    <ClInclude Include="ReceiptProductViewClass.h">
      <Filter>Header Files</Filter>
    </ClInclude>
    <ClInclude Include="StockClass.h">
      <Filter>Header Files</Filter>
    </ClInclude>
    <ClInclude Include="StockViewClass.h">
      <Filter>Header Files</Filter>
    </ClInclude>
    <ClInclude Include="TransportClass.h">
      <Filter>Header Files</Filter>
    </ClInclude>
    <ClInclude Include="TransportListClass.h">
      <Filter>Header Files</Filter>
    </ClInclude>
    <ClInclude Include="TransportListViewClass.h">
      <Filter>Header Files</Filter>
    </ClInclude>
    <ClInclude Include="TransportViewClass.h">
      <Filter>Header Files</Filter>
    </ClInclude>
    <ClInclude Include="WriteOffRawClass.h">
      <Filter>Header Files</Filter>
    </ClInclude>
    <ClInclude Include="WriteOffRawListClass.h">
      <Filter>Header Files</Filter>
    </ClInclude>
    <ClInclude Include="WriteOffRawListViewClass.h">
      <Filter>Header Files</Filter>
    </ClInclude>
    <ClInclude Include="WriteOffRawViewClass.h">
      <Filter>Header Files</Filter>
    </ClInclude>
    <ClInclude Include="AccessViewClass.h">
      <Filter>Header Files</Filter>
    </ClInclude>
    <ClInclude Include="RelationViewClass.h">
      <Filter>Header Files</Filter>
    </ClInclude>
    <ClInclude Include="JobpriceClass.h">
      <Filter>Header Files</Filter>
    </ClInclude>
    <ClInclude Include="JobpriceViewClass.h">
      <Filter>Header Files</Filter>
    </ClInclude>
    <ClInclude Include="JobsheetClass.h">
      <Filter>Header Files</Filter>
    </ClInclude>
    <ClInclude Include="JobsheetViewClass.h">
      <Filter>Header Files</Filter>
    </ClInclude>
    <ClInclude Include="PercentRateClass.h">
      <Filter>Header Files</Filter>
    </ClInclude>
    <ClInclude Include="SpecificationListClass.h">
      <Filter>Header Files</Filter>
    </ClInclude>
    <ClInclude Include="SpecificationListViewClass.h">
      <Filter>Header Files</Filter>
    </ClInclude>
    <ClInclude Include="SpecificationClass.h">
      <Filter>Header Files</Filter>
    </ClInclude>
    <ClInclude Include="SpecificationViewClass.h">
      <Filter>Header Files</Filter>
    </ClInclude>
    <ClInclude Include="TimesheetClass.h">
      <Filter>Header Files</Filter>
    </ClInclude>
    <ClInclude Include="TimesheetViewClass.h">
      <Filter>Header Files</Filter>
    </ClInclude>
    <ClInclude Include="CompanyAccountRelationClass.h">
      <Filter>Header Files</Filter>
    </ClInclude>
    <ClInclude Include="ProductionPlanListClass.h">
      <Filter>Header Files</Filter>
    </ClInclude>
    <ClInclude Include="ProductionPlanListViewClass.h">
      <Filter>Header Files</Filter>
    </ClInclude>
    <ClInclude Include="SpoilageListClass.h">
      <Filter>Header Files</Filter>
    </ClInclude>
    <ClInclude Include="SpoilageListViewClass.h">
      <Filter>Header Files</Filter>
    </ClInclude>
    <ClInclude Include="ProductionPlanClass.h">
      <Filter>Header Files</Filter>
    </ClInclude>
    <ClInclude Include="ProductionPlanViewClass.h">
      <Filter>Header Files</Filter>
    </ClInclude>
    <ClInclude Include="SpoilageClass.h">
      <Filter>Header Files</Filter>
    </ClInclude>
    <ClInclude Include="SpoilageViewClass.h">
      <Filter>Header Files</Filter>
    </ClInclude>
    <ClInclude Include="AccountTypeClass.h">
      <Filter>Header Files</Filter>
    </ClInclude>
    <ClInclude Include="ChartOfAccountsClass.h">
      <Filter>Header Files</Filter>
    </ClInclude>
    <ClInclude Include="ChartOfAccountsViewClass.h">
      <Filter>Header Files</Filter>
    </ClInclude>
    <ClInclude Include="EntryClass.h">
      <Filter>Header Files</Filter>
    </ClInclude>
    <ClInclude Include="EntryViewClass.h">
      <Filter>Header Files</Filter>
    </ClInclude>
    <ClInclude Include="AccountClass.h">
      <Filter>Header Files</Filter>
    </ClInclude>
    <ClInclude Include="NetCostClass.h">
      <Filter>Header Files</Filter>
    </ClInclude>
    <ClInclude Include="NetCostViewClass.h">
      <Filter>Header Files</Filter>
    </ClInclude>
    <ClInclude Include="PurveyorClass.h">
      <Filter>Header Files</Filter>
    </ClInclude>
    <ClInclude Include="PurveyorViewClass.h">
      <Filter>Header Files</Filter>
    </ClInclude>
    <ClInclude Include="EntryRoutingClass.h">
      <Filter>Header Files</Filter>
    </ClInclude>
    <ClInclude Include="CompanyEmployeeRelationClass.h">
      <Filter>Header Files</Filter>
    </ClInclude>
    <ClInclude Include="CompanyEmployeeRelationViewClass.h">
      <Filter>Header Files</Filter>
    </ClInclude>
    <ClInclude Include="CompanyAccountRelationViewClass.h">
      <Filter>Header Files</Filter>
    </ClInclude>
    <ClInclude Include="ProductionStockClass.h">
      <Filter>Header Files</Filter>
    </ClInclude>
    <ClInclude Include="ProductionStockViewClass.h">
      <Filter>Header Files</Filter>
    </ClInclude>
    <ClInclude Include="SubaccountClass.h">
      <Filter>Header Files</Filter>
    </ClInclude>
    <ClInclude Include="SubaccountViewClass.h">
      <Filter>Header Files</Filter>
    </ClInclude>
    <ClInclude Include="StateClass.h">
      <Filter>Header Files</Filter>
    </ClInclude>
    <ClInclude Include="StatusRuleClass.h">
      <Filter>Header Files</Filter>
    </ClInclude>
    <ClInclude Include="StatusRuleViewClass.h">
      <Filter>Header Files</Filter>
    </ClInclude>
    <ClInclude Include="ProductionConsumeRawClass.h">
      <Filter>Header Files</Filter>
    </ClInclude>
    <ClInclude Include="ProductionConsumeRawListClass.h">
      <Filter>Header Files</Filter>
    </ClInclude>
    <ClInclude Include="ProductionConsumeRawListViewClass.h">
      <Filter>Header Files</Filter>
    </ClInclude>
    <ClInclude Include="ProductionConsumeRawViewClass.h">
      <Filter>Header Files</Filter>
    </ClInclude>
    <ClInclude Include="AccountHistoryClass.h">
      <Filter>Header Files</Filter>
    </ClInclude>
    <ClInclude Include="FinancialReportClass.h">
      <Filter>Header Files</Filter>
    </ClInclude>
    <ClInclude Include="SubaccountHistoryClass.h">
      <Filter>Header Files</Filter>
    </ClInclude>
    <ClInclude Include="TaxClass.h">
      <Filter>Header Files</Filter>
    </ClInclude>
    <ClInclude Include="CloseOfMonth.h">
      <Filter>Header Files</Filter>
    </ClInclude>
    <ClInclude Include="DivisionClass.h">
      <Filter>Header Files</Filter>
    </ClInclude>
    <ClInclude Include="DivisionAccountRelationClass.h">
      <Filter>Header Files</Filter>
    </ClInclude>
    <ClInclude Include="DivisionEmployeeRelationClass.h">
      <Filter>Header Files</Filter>
    </ClInclude>
    <ClInclude Include="DivisionAccountRelationViewClass.h">
      <Filter>Header Files</Filter>
    </ClInclude>
    <ClInclude Include="PaymentEmployeeRelationClass.h">
      <Filter>Header Files</Filter>
    </ClInclude>
    <ClInclude Include="BranchClass.h">
      <Filter>Header Files</Filter>
    </ClInclude>
    <ClInclude Include="CashboxClass.h">
      <Filter>Header Files</Filter>
    </ClInclude>
    <ClInclude Include="CashboxViewClass.h">
      <Filter>Header Files</Filter>
    </ClInclude>
    <ClInclude Include="CashboxEmployeeRelationClass.h">
      <Filter>Header Files</Filter>
    </ClInclude>
    <ClInclude Include="CashboxEmployeeRelationViewClass.h">
      <Filter>Header Files</Filter>
    </ClInclude>
    <ClInclude Include="WarehouseClass.h">
      <Filter>Header Files</Filter>
    </ClInclude>
    <ClInclude Include="WarehouseViewClass.h">
      <Filter>Header Files</Filter>
    </ClInclude>
    <ClInclude Include="WarehouseTypeClass.h">
      <Filter>Header Files</Filter>
    </ClInclude>
    <ClInclude Include="WarehouseEmployeeRelationClass.h">
      <Filter>Header Files</Filter>
    </ClInclude>
    <ClInclude Include="WarehouseEmployeeRelationViewClass.h">
      <Filter>Header Files</Filter>
    </ClInclude>
    <ClInclude Include="AccountableClass.h">
      <Filter>Header Files</Filter>
    </ClInclude>
    <ClInclude Include="AccountableViewClass.h">
      <Filter>Header Files</Filter>
    </ClInclude>
    <ClInclude Include="AccountableTransactionClass.h">
      <Filter>Header Files</Filter>
    </ClInclude>
    <ClInclude Include="BorrowerClass.h">
      <Filter>Header Files</Filter>
    </ClInclude>
    <ClInclude Include="BorrowerViewClass.h">
      <Filter>Header Files</Filter>
    </ClInclude>
    <ClInclude Include="CreditorClass.h">
      <Filter>Header Files</Filter>
    </ClInclude>
    <ClInclude Include="EmployeeProductRelationClass.h">
      <Filter>Header Files</Filter>
    </ClInclude>
    <ClInclude Include="EmployeeProductRelationViewClass.h">
      <Filter>Header Files</Filter>
    </ClInclude>
    <ClInclude Include="EntryOperationRelationClass.h">
      <Filter>Header Files</Filter>
    </ClInclude>
    <ClInclude Include="EntrySubaccountRelationClass.h">
      <Filter>Header Files</Filter>
    </ClInclude>
    <ClInclude Include="ProductBranchRelationClass.h">
      <Filter>Header Files</Filter>
    </ClInclude>
    <ClInclude Include="ProductBranchRelationViewClass.h">
      <Filter>Header Files</Filter>
    </ClInclude>
    <ClInclude Include="ShareholderClass.h">
      <Filter>Header Files</Filter>
    </ClInclude>
    <ClInclude Include="ShareholderViewClass.h">
      <Filter>Header Files</Filter>
    </ClInclude>
    <ClInclude Include="StockHistoryClass.h">
      <Filter>Header Files</Filter>
    </ClInclude>
    <ClInclude Include="StockHistoryViewClass.h">
      <Filter>Header Files</Filter>
    </ClInclude>
    <ClInclude Include="StockTransferClass.h">
      <Filter>Header Files</Filter>
    </ClInclude>
    <ClInclude Include="StockTransferListClass.h">
      <Filter>Header Files</Filter>
    </ClInclude>
    <ClInclude Include="StockTransferListViewClass.h">
      <Filter>Header Files</Filter>
    </ClInclude>
    <ClInclude Include="StockTransferViewClass.h">
      <Filter>Header Files</Filter>
    </ClInclude>
    <ClInclude Include="ExtendedEntryViewClass.h">
      <Filter>Header Files</Filter>
    </ClInclude>
    <ClInclude Include="CashboxTransactionClass.h">
      <Filter>Header Files</Filter>
    </ClInclude>
    <ClInclude Include="AmortizeGroupClass.h">
      <Filter>Header Files</Filter>
    </ClInclude>
    <ClInclude Include="AmortizeTypeClass.h">
      <Filter>Header Files</Filter>
    </ClInclude>
    <ClInclude Include="FixedAssetsClass.h">
      <Filter>Header Files</Filter>
    </ClInclude>
    <ClInclude Include="FixedAssetsViewClass.h">
      <Filter>Header Files</Filter>
    </ClInclude>
    <ClInclude Include="FixedAssetsDetailsClass.h">
      <Filter>Header Files</Filter>
    </ClInclude>
    <ClInclude Include="FixedAssetsDetailsViewClass.h">
      <Filter>Header Files</Filter>
    </ClInclude>
    <ClInclude Include="FixedAssetsOperationsClass.h">
      <Filter>Header Files</Filter>
    </ClInclude>
    <ClInclude Include="FixedAssetsSpecificationClass.h">
      <Filter>Header Files</Filter>
    </ClInclude>
    <ClInclude Include="InventoryClass.h">
      <Filter>Header Files</Filter>
    </ClInclude>
    <ClInclude Include="InventoryViewClass.h">
      <Filter>Header Files</Filter>
    </ClInclude>
    <ClInclude Include="InventoryHistoryClass.h">
      <Filter>Header Files</Filter>
    </ClInclude>
    <ClInclude Include="PostingFixedAssetsClass.h">
      <Filter>Header Files</Filter>
    </ClInclude>
    <ClInclude Include="PostingFixedAssetsViewClass.h">
      <Filter>Header Files</Filter>
    </ClInclude>
    <ClInclude Include="FixedAssetsUnionClass.h">
      <Filter>Header Files</Filter>
    </ClInclude>
    <ClInclude Include="InventoryUnionClass.h">
      <Filter>Header Files</Filter>
    </ClInclude>
    <ClInclude Include="ConsumeOtherStocksClass.h">
      <Filter>Header Files</Filter>
    </ClInclude>
    <ClInclude Include="ConsumeOtherStocksListClass.h">
      <Filter>Header Files</Filter>
    </ClInclude>
    <ClInclude Include="ConsumeOtherStocksViewClass.h">
      <Filter>Header Files</Filter>
    </ClInclude>
    <ClInclude Include="ConsumeOtherStocksListViewClass.h">
      <Filter>Header Files</Filter>
    </ClInclude>
    <ClInclude Include="LowValueStockClass.h">
      <Filter>Header Files</Filter>
    </ClInclude>
    <ClInclude Include="LowValueStockHistoryClass.h">
      <Filter>Header Files</Filter>
    </ClInclude>
    <ClInclude Include="LowValueStockHistoryViewClass.h">
      <Filter>Header Files</Filter>
    </ClInclude>
    <ClInclude Include="OtherStocksClass.h">
      <Filter>Header Files</Filter>
    </ClInclude>
    <ClInclude Include="OtherStocksViewClass.h">
      <Filter>Header Files</Filter>
    </ClInclude>
    <ClInclude Include="ReceiptOtherStocksClass.h">
      <Filter>Header Files</Filter>
    </ClInclude>
    <ClInclude Include="ReceiptOtherStocksListClass.h">
      <Filter>Header Files</Filter>
    </ClInclude>
    <ClInclude Include="ReceiptOtherStocksViewClass.h">
      <Filter>Header Files</Filter>
    </ClInclude>
    <ClInclude Include="ReceiptOtherStocksListViewClass.h">
      <Filter>Header Files</Filter>
    </ClInclude>
    <ClInclude Include="FullExtendedEntryViewClass.h">
      <Filter>Header Files</Filter>
    </ClInclude>
    <ClInclude Include="LowValueStockViewClass.h">
      <Filter>Header Files</Filter>
    </ClInclude>
    <ClInclude Include="OtherStocksTypeClass.h">
      <Filter>Header Files</Filter>
    </ClInclude>
    <ClInclude Include="TransportHistoryClass.h">
      <Filter>Header Files</Filter>
    </ClInclude>
    <ClInclude Include="GroupClass.h">
      <Filter>Header Files</Filter>
    </ClInclude>
    <ClInclude Include="StockLimitClass.h">
      <Filter>Header Files</Filter>
    </ClInclude>
    <ClInclude Include="StockLimitViewClass.h">
      <Filter>Header Files</Filter>
    </ClInclude>
    <ClInclude Include="SubaccountLimitClass.h">
      <Filter>Header Files</Filter>
    </ClInclude>
    <ClInclude Include="SubaccountLimitViewClass.h">
      <Filter>Header Files</Filter>
    </ClInclude>
    <ClInclude Include="UserGroupRelationClass.h">
      <Filter>Header Files</Filter>
    </ClInclude>
    <ClInclude Include="UserGroupRelationViewClass.h">
      <Filter>Header Files</Filter>
    </ClInclude>
    <ClInclude Include="AccountChangeLogClass.h">
      <Filter>Header Files</Filter>
    </ClInclude>
    <ClInclude Include="LowValueStockChangeLogClass.h">
      <Filter>Header Files</Filter>
    </ClInclude>
    <ClInclude Include="SpecificationChangeLogClass.h">
      <Filter>Header Files</Filter>
    </ClInclude>
    <ClInclude Include="StockChangeLogClass.h">
      <Filter>Header Files</Filter>
    </ClInclude>
    <ClInclude Include="SubaccountChangeLogClass.h">
      <Filter>Header Files</Filter>
    </ClInclude>
    <ClInclude Include="TransportChangeLogClass.h">
      <Filter>Header Files</Filter>
    </ClInclude>
    <ClInclude Include="GlobalVariableClass.h">
      <Filter>Header Files</Filter>
    </ClInclude>
    <ClInclude Include="AccountableApprovementClass.h">
      <Filter>Header Files</Filter>
    </ClInclude>
    <ClInclude Include="AccountableDocumentListClass.h">
      <Filter>Header Files</Filter>
    </ClInclude>
    <ClInclude Include="AccountableDocumentClass.h">
      <Filter>Header Files</Filter>
    </ClInclude>
    <ClInclude Include="AccountableEntryClass.h">
      <Filter>Header Files</Filter>
    </ClInclude>
    <ClInclude Include="AccountablePaymentRelationClass.h">
      <Filter>Header Files</Filter>
    </ClInclude>
    <ClInclude Include="AccountableWithdrawalRelationClass.h">
      <Filter>Header Files</Filter>
    </ClInclude>
    <ClInclude Include="AccountableUnionDocumentClass.h">
      <Filter>Header Files</Filter>
    </ClInclude>
    <ClInclude Include="ExpenseDocumentClass.h">
      <Filter>Header Files</Filter>
    </ClInclude>
    <ClInclude Include="BranchSubaccountRelationClass.h">
      <Filter>Header Files</Filter>
    </ClInclude>
    <ClInclude Include="BranchSubaccountRelationViewClass.h">
      <Filter>Header Files</Filter>
    </ClInclude>
    <ClInclude Include="UserExtendedViewClass.h">
      <Filter>Header Files</Filter>
    </ClInclude>
    <ClInclude Include="PriceExtensionClass.h">
      <Filter>Header Files</Filter>
    </ClInclude>
    <ClInclude Include="PriceExtensionViewClass.h">
      <Filter>Header Files</Filter>
    </ClInclude>
    <ClInclude Include="CurrencyRateClass.h">
      <Filter>Header Files</Filter>
    </ClInclude>
    <ClInclude Include="CurrencyRateViewClass.h">
      <Filter>Header Files</Filter>
    </ClInclude>
    <ClInclude Include="NetCostHistoryClass.h">
      <Filter>Header Files</Filter>
    </ClInclude>
    <ClInclude Include="NetCostCoefficientClass.h">
      <Filter>Header Files</Filter>
    </ClInclude>
    <ClInclude Include="NetCostCoefficientViewClass.h">
      <Filter>Header Files</Filter>
    </ClInclude>
    <ClInclude Include="OrderPriceCorrectionClass.h">
      <Filter>Header Files</Filter>
    </ClInclude>
    <ClInclude Include="ReturnPriceCorrectionClass.h">
      <Filter>Header Files</Filter>
    </ClInclude>
    <ClInclude Include="MulticurrencyClass.h">
      <Filter>Header Files</Filter>
    </ClInclude>
    <ClInclude Include="MulticurrencyViewClass.h">
      <Filter>Header Files</Filter>
    </ClInclude>
  </ItemGroup>
  <ItemGroup>
    <ClCompile Include="stdafx.cpp">
      <Filter>Source Files</Filter>
    </ClCompile>
    <ClCompile Include="OrmasBL.cpp">
      <Filter>Source Files</Filter>
    </ClCompile>
    <ClCompile Include="UserClass.cpp">
      <Filter>Source Files</Filter>
    </ClCompile>
    <ClCompile Include="StatusClass.cpp">
      <Filter>Source Files</Filter>
    </ClCompile>
    <ClCompile Include="RoleClass.cpp">
      <Filter>Source Files</Filter>
    </ClCompile>
    <ClCompile Include="ReturnClass.cpp">
      <Filter>Source Files</Filter>
    </ClCompile>
    <ClCompile Include="ProductClass.cpp">
      <Filter>Source Files</Filter>
    </ClCompile>
    <ClCompile Include="ProductTypeClass.cpp">
      <Filter>Source Files</Filter>
    </ClCompile>
    <ClCompile Include="OrderClass.cpp">
      <Filter>Source Files</Filter>
    </ClCompile>
    <ClCompile Include="MeasureClass.cpp">
      <Filter>Source Files</Filter>
    </ClCompile>
    <ClCompile Include="CurrencyClass.cpp">
      <Filter>Source Files</Filter>
    </ClCompile>
    <ClCompile Include="CompanyClass.cpp">
      <Filter>Source Files</Filter>
    </ClCompile>
    <ClCompile Include="OrderViewClass.cpp">
      <Filter>Source Files</Filter>
    </ClCompile>
    <ClCompile Include="ReturnViewClass.cpp">
      <Filter>Source Files</Filter>
    </ClCompile>
    <ClCompile Include="LocationClass.cpp">
      <Filter>Source Files</Filter>
    </ClCompile>
    <ClCompile Include="UserViewClass.cpp">
      <Filter>Source Files</Filter>
    </ClCompile>
    <ClCompile Include="ProductionClass.cpp">
      <Filter>Source Files</Filter>
    </ClCompile>
    <ClCompile Include="ProductViewClass.cpp">
      <Filter>Source Files</Filter>
    </ClCompile>
    <ClCompile Include="BalanceClass.cpp">
      <Filter>Source Files</Filter>
    </ClCompile>
    <ClCompile Include="BalanceViewClass.cpp">
      <Filter>Source Files</Filter>
    </ClCompile>
    <ClCompile Include="ClientClass.cpp">
      <Filter>Source Files</Filter>
    </ClCompile>
    <ClCompile Include="AccessClass.cpp">
      <Filter>Source Files</Filter>
    </ClCompile>
    <ClCompile Include="AccessItemClass.cpp">
      <Filter>Source Files</Filter>
    </ClCompile>
    <ClCompile Include="EmployeeClass.cpp">
      <Filter>Source Files</Filter>
    </ClCompile>
    <ClCompile Include="ClientViewClass.cpp">
      <Filter>Source Files</Filter>
    </ClCompile>
    <ClCompile Include="EmployeeViewClass.cpp">
      <Filter>Source Files</Filter>
    </ClCompile>
    <ClCompile Include="OrderListClass.cpp">
      <Filter>Source Files</Filter>
    </ClCompile>
    <ClCompile Include="OrderListViewClass.cpp">
      <Filter>Source Files</Filter>
    </ClCompile>
    <ClCompile Include="PaymentClass.cpp">
      <Filter>Source Files</Filter>
    </ClCompile>
    <ClCompile Include="PaymentViewClass.cpp">
      <Filter>Source Files</Filter>
    </ClCompile>
    <ClCompile Include="PhotoClass.cpp">
      <Filter>Source Files</Filter>
    </ClCompile>
    <ClCompile Include="PositionClass.cpp">
      <Filter>Source Files</Filter>
    </ClCompile>
    <ClCompile Include="PriceClass.cpp">
      <Filter>Source Files</Filter>
    </ClCompile>
    <ClCompile Include="PriceViewClass.cpp">
      <Filter>Source Files</Filter>
    </ClCompile>
    <ClCompile Include="ProductionListClass.cpp">
      <Filter>Source Files</Filter>
    </ClCompile>
    <ClCompile Include="ProductionListViewClass.cpp">
      <Filter>Source Files</Filter>
    </ClCompile>
    <ClCompile Include="RelationTypeClass.cpp">
      <Filter>Source Files</Filter>
    </ClCompile>
    <ClCompile Include="RelationClass.cpp">
      <Filter>Source Files</Filter>
    </ClCompile>
    <ClCompile Include="ReturnListClass.cpp">
      <Filter>Source Files</Filter>
    </ClCompile>
    <ClCompile Include="ReturnListViewClass.cpp">
      <Filter>Source Files</Filter>
    </ClCompile>
    <ClCompile Include="SalaryClass.cpp">
      <Filter>Source Files</Filter>
    </ClCompile>
    <ClCompile Include="SalaryViewClass.cpp">
      <Filter>Source Files</Filter>
    </ClCompile>
    <ClCompile Include="SalaryTypeClass.cpp">
      <Filter>Source Files</Filter>
    </ClCompile>
    <ClCompile Include="WriteOffClass.cpp">
      <Filter>Source Files</Filter>
    </ClCompile>
    <ClCompile Include="WriteOffViewClass.cpp">
      <Filter>Source Files</Filter>
    </ClCompile>
    <ClCompile Include="WriteOffListClass.cpp">
      <Filter>Source Files</Filter>
    </ClCompile>
    <ClCompile Include="WriteOffListViewClass.cpp">
      <Filter>Source Files</Filter>
    </ClCompile>
    <ClCompile Include="WithdrawalClass.cpp">
      <Filter>Source Files</Filter>
    </ClCompile>
    <ClCompile Include="WithdrawalViewClass.cpp">
      <Filter>Source Files</Filter>
    </ClCompile>
    <ClCompile Include="Payslip.cpp">
      <Filter>Source Files</Filter>
    </ClCompile>
    <ClCompile Include="RefundClass.cpp">
      <Filter>Source Files</Filter>
    </ClCompile>
    <ClCompile Include="PayslipViewClass.cpp">
      <Filter>Source Files</Filter>
    </ClCompile>
    <ClCompile Include="RefundViewClass.cpp">
      <Filter>Source Files</Filter>
    </ClCompile>
    <ClCompile Include="BalancePayslipRelationClass.cpp">
      <Filter>Source Files</Filter>
    </ClCompile>
    <ClCompile Include="BalanceRefundRelationClass.cpp">
      <Filter>Source Files</Filter>
    </ClCompile>
    <ClCompile Include="BalanceWithdrawalRelationClass.cpp">
      <Filter>Source Files</Filter>
    </ClCompile>
    <ClCompile Include="BalancePaymentRelationClass.cpp">
      <Filter>Source Files</Filter>
    </ClCompile>
    <ClCompile Include="PayslipOrderRelationClass.cpp">
      <Filter>Source Files</Filter>
    </ClCompile>
    <ClCompile Include="ConsumeProductClass.cpp">
      <Filter>Source Files</Filter>
    </ClCompile>
    <ClCompile Include="ConsumeProductListClass.cpp">
      <Filter>Source Files</Filter>
    </ClCompile>
    <ClCompile Include="ConsumeProductViewClass.cpp">
      <Filter>Source Files</Filter>
    </ClCompile>
    <ClCompile Include="ConsumeProductListViewClass.cpp">
      <Filter>Source Files</Filter>
    </ClCompile>
    <ClCompile Include="ConsumeRawClass.cpp">
      <Filter>Source Files</Filter>
    </ClCompile>
    <ClCompile Include="ConsumeRawListClass.cpp">
      <Filter>Source Files</Filter>
    </ClCompile>
    <ClCompile Include="ConsumeRawListViewClass.cpp">
      <Filter>Source Files</Filter>
    </ClCompile>
    <ClCompile Include="ConsumeRawViewClass.cpp">
      <Filter>Source Files</Filter>
    </ClCompile>
    <ClCompile Include="OrderRawClass.cpp">
      <Filter>Source Files</Filter>
    </ClCompile>
    <ClCompile Include="OrderRawListClass.cpp">
      <Filter>Source Files</Filter>
    </ClCompile>
    <ClCompile Include="OrderRawListViewClass.cpp">
      <Filter>Source Files</Filter>
    </ClCompile>
    <ClCompile Include="OrderRawViewClass.cpp">
      <Filter>Source Files</Filter>
    </ClCompile>
    <ClCompile Include="ReceiptProductClass.cpp">
      <Filter>Source Files</Filter>
    </ClCompile>
    <ClCompile Include="ReceiptProductListClass.cpp">
      <Filter>Source Files</Filter>
    </ClCompile>
    <ClCompile Include="ReceiptProductListViewClass.cpp">
      <Filter>Source Files</Filter>
    </ClCompile>
    <ClCompile Include="ReceiptProductViewClass.cpp">
      <Filter>Source Files</Filter>
    </ClCompile>
    <ClCompile Include="StockClass.cpp">
      <Filter>Source Files</Filter>
    </ClCompile>
    <ClCompile Include="StockViewClass.cpp">
      <Filter>Source Files</Filter>
    </ClCompile>
    <ClCompile Include="TransportClass.cpp">
      <Filter>Source Files</Filter>
    </ClCompile>
    <ClCompile Include="TransportListClass.cpp">
      <Filter>Source Files</Filter>
    </ClCompile>
    <ClCompile Include="TransportListViewClass.cpp">
      <Filter>Source Files</Filter>
    </ClCompile>
    <ClCompile Include="TransportViewClass.cpp">
      <Filter>Source Files</Filter>
    </ClCompile>
    <ClCompile Include="WriteOffRawClass.cpp">
      <Filter>Source Files</Filter>
    </ClCompile>
    <ClCompile Include="WriteOffRawListClass.cpp">
      <Filter>Source Files</Filter>
    </ClCompile>
    <ClCompile Include="WriteOffRawListViewClass.cpp">
      <Filter>Source Files</Filter>
    </ClCompile>
    <ClCompile Include="WriteOffRawViewClass.cpp">
      <Filter>Source Files</Filter>
    </ClCompile>
    <ClCompile Include="InventorizationClass.cpp">
      <Filter>Source Files</Filter>
    </ClCompile>
    <ClCompile Include="InventorizationListClass.cpp">
      <Filter>Source Files</Filter>
    </ClCompile>
    <ClCompile Include="InventorizationListViewClass.cpp">
      <Filter>Source Files</Filter>
    </ClCompile>
    <ClCompile Include="InventorizationViewClass.cpp">
      <Filter>Source Files</Filter>
    </ClCompile>
    <ClCompile Include="AccessViewClass.cpp">
      <Filter>Source Files</Filter>
    </ClCompile>
    <ClCompile Include="RelationViewClass.cpp">
      <Filter>Source Files</Filter>
    </ClCompile>
    <ClCompile Include="JobpriceClass.cpp">
      <Filter>Source Files</Filter>
    </ClCompile>
    <ClCompile Include="JobpriceViewClass.cpp">
      <Filter>Source Files</Filter>
    </ClCompile>
    <ClCompile Include="JobsheetClass.cpp">
      <Filter>Source Files</Filter>
    </ClCompile>
    <ClCompile Include="JobsheetViewClass.cpp">
      <Filter>Source Files</Filter>
    </ClCompile>
    <ClCompile Include="PercentRateClass.cpp">
      <Filter>Source Files</Filter>
    </ClCompile>
    <ClCompile Include="SpecificationListClass.cpp">
      <Filter>Source Files</Filter>
    </ClCompile>
    <ClCompile Include="SpecificationListViewClass.cpp">
      <Filter>Source Files</Filter>
    </ClCompile>
    <ClCompile Include="SpecificationClass.cpp">
      <Filter>Source Files</Filter>
    </ClCompile>
    <ClCompile Include="SpecificationViewClass.cpp">
      <Filter>Source Files</Filter>
    </ClCompile>
    <ClCompile Include="TimesheetClass.cpp">
      <Filter>Source Files</Filter>
    </ClCompile>
    <ClCompile Include="TimesheetViewClass.cpp">
      <Filter>Source Files</Filter>
    </ClCompile>
    <ClCompile Include="CompanyAccountRelationClass.cpp">
      <Filter>Source Files</Filter>
    </ClCompile>
    <ClCompile Include="ProductionPlanListClass.cpp">
      <Filter>Source Files</Filter>
    </ClCompile>
    <ClCompile Include="ProductionPlanListViewClasscpp.cpp">
      <Filter>Source Files</Filter>
    </ClCompile>
    <ClCompile Include="SpoilageListClass.cpp">
      <Filter>Source Files</Filter>
    </ClCompile>
    <ClCompile Include="SpoilageListViewClass.cpp">
      <Filter>Source Files</Filter>
    </ClCompile>
    <ClCompile Include="ProductionPlanClass.cpp">
      <Filter>Source Files</Filter>
    </ClCompile>
    <ClCompile Include="ProductionPlanViewClass.cpp">
      <Filter>Source Files</Filter>
    </ClCompile>
    <ClCompile Include="SpoilageClass.cpp">
      <Filter>Source Files</Filter>
    </ClCompile>
    <ClCompile Include="SpoilageViewClass.cpp">
      <Filter>Source Files</Filter>
    </ClCompile>
    <ClCompile Include="AccountTypeClass.cpp">
      <Filter>Source Files</Filter>
    </ClCompile>
    <ClCompile Include="ChartOfAccountsClass.cpp">
      <Filter>Source Files</Filter>
    </ClCompile>
    <ClCompile Include="ChartOfAccountsViewClass.cpp">
      <Filter>Source Files</Filter>
    </ClCompile>
    <ClCompile Include="EntryClass.cpp">
      <Filter>Source Files</Filter>
    </ClCompile>
    <ClCompile Include="EntryViewClass.cpp">
      <Filter>Source Files</Filter>
    </ClCompile>
    <ClCompile Include="AccountClass.cpp">
      <Filter>Source Files</Filter>
    </ClCompile>
    <ClCompile Include="NetCostClass.cpp">
      <Filter>Source Files</Filter>
    </ClCompile>
    <ClCompile Include="NetCostViewClass.cpp">
      <Filter>Source Files</Filter>
    </ClCompile>
    <ClCompile Include="PurveyorClass.cpp">
      <Filter>Source Files</Filter>
    </ClCompile>
    <ClCompile Include="PurveyorViewClass.cpp">
      <Filter>Source Files</Filter>
    </ClCompile>
    <ClCompile Include="EntryRoutingClass.cpp">
      <Filter>Source Files</Filter>
    </ClCompile>
    <ClCompile Include="CompanyEmployeeRelationClass.cpp">
      <Filter>Source Files</Filter>
    </ClCompile>
    <ClCompile Include="CompanyEmployeeRelationViewClass.cpp">
      <Filter>Source Files</Filter>
    </ClCompile>
    <ClCompile Include="CompanyAccountRelationViewClass.cpp">
      <Filter>Source Files</Filter>
    </ClCompile>
    <ClCompile Include="EntrySubccountRelationClass.cpp">
      <Filter>Source Files</Filter>
    </ClCompile>
    <ClCompile Include="ProductionStockClass.cpp">
      <Filter>Source Files</Filter>
    </ClCompile>
    <ClCompile Include="ProductionStockViewClass.cpp">
      <Filter>Source Files</Filter>
    </ClCompile>
    <ClCompile Include="SubaccountClass.cpp">
      <Filter>Source Files</Filter>
    </ClCompile>
    <ClCompile Include="SubaccountViewClass.cpp">
      <Filter>Source Files</Filter>
    </ClCompile>
    <ClCompile Include="StateClass.cpp">
      <Filter>Source Files</Filter>
    </ClCompile>
    <ClCompile Include="StatusRuleClass.cpp">
      <Filter>Source Files</Filter>
    </ClCompile>
    <ClCompile Include="StatusRuleViewClass.cpp">
      <Filter>Source Files</Filter>
    </ClCompile>
    <ClCompile Include="ProductionConsumeRawClass.cpp">
      <Filter>Source Files</Filter>
    </ClCompile>
    <ClCompile Include="ProductionConsumeRawListClass.cpp">
      <Filter>Source Files</Filter>
    </ClCompile>
    <ClCompile Include="ProductionConsumeRawListViewClass.cpp">
      <Filter>Source Files</Filter>
    </ClCompile>
    <ClCompile Include="ProductionConsumeRawViewClass.cpp">
      <Filter>Source Files</Filter>
    </ClCompile>
    <ClCompile Include="AccountHistoryClass.cpp">
      <Filter>Source Files</Filter>
    </ClCompile>
    <ClCompile Include="FinancialReportClass.cpp">
      <Filter>Source Files</Filter>
    </ClCompile>
    <ClCompile Include="SubaccountHistoryClass.cpp">
      <Filter>Source Files</Filter>
    </ClCompile>
    <ClCompile Include="TaxClass.cpp">
      <Filter>Source Files</Filter>
    </ClCompile>
    <ClCompile Include="CloseOfMonth.cpp">
      <Filter>Source Files</Filter>
    </ClCompile>
    <ClCompile Include="DivisionClass.cpp">
      <Filter>Source Files</Filter>
    </ClCompile>
    <ClCompile Include="DivisionEmployeeRelationClass.cpp">
      <Filter>Source Files</Filter>
    </ClCompile>
    <ClCompile Include="DivisionAccountRelationClass.cpp">
      <Filter>Source Files</Filter>
    </ClCompile>
    <ClCompile Include="DivisionAccountRelationViewClass.cpp">
      <Filter>Source Files</Filter>
    </ClCompile>
    <ClCompile Include="PaymentEmployeeRelationClass.cpp">
      <Filter>Source Files</Filter>
    </ClCompile>
    <ClCompile Include="BranchClass.cpp">
      <Filter>Source Files</Filter>
    </ClCompile>
    <ClCompile Include="CashboxClass.cpp">
      <Filter>Source Files</Filter>
    </ClCompile>
    <ClCompile Include="CashboxViewClass.cpp">
      <Filter>Source Files</Filter>
    </ClCompile>
    <ClCompile Include="CashboxEmployeeRelationClass.cpp">
      <Filter>Source Files</Filter>
    </ClCompile>
    <ClCompile Include="CashboxEmployeeRelationViewClass.cpp">
      <Filter>Source Files</Filter>
    </ClCompile>
    <ClCompile Include="WarehouseClass.cpp">
      <Filter>Source Files</Filter>
    </ClCompile>
    <ClCompile Include="WarehouseViewClass.cpp">
      <Filter>Source Files</Filter>
    </ClCompile>
    <ClCompile Include="WarehouseTypeClass.cpp">
      <Filter>Source Files</Filter>
    </ClCompile>
    <ClCompile Include="WarehouseEmployeeRelationClass.cpp">
      <Filter>Source Files</Filter>
    </ClCompile>
    <ClCompile Include="WarehouseEmployeeRelationViewClass.cpp">
      <Filter>Source Files</Filter>
    </ClCompile>
    <ClCompile Include="AccountableClass.cpp">
      <Filter>Source Files</Filter>
    </ClCompile>
    <ClCompile Include="AccountableViewClass.cpp">
      <Filter>Source Files</Filter>
    </ClCompile>
    <ClCompile Include="AccountableTransactionClass.cpp">
      <Filter>Source Files</Filter>
    </ClCompile>
    <ClCompile Include="BorrowerClass.cpp">
      <Filter>Source Files</Filter>
    </ClCompile>
    <ClCompile Include="CreditorClass.cpp">
      <Filter>Source Files</Filter>
    </ClCompile>
    <ClCompile Include="EmployeeProductRelationClass.cpp">
      <Filter>Source Files</Filter>
    </ClCompile>
    <ClCompile Include="EmployeeProductRelationViewClass.cpp">
      <Filter>Source Files</Filter>
    </ClCompile>
    <ClCompile Include="EntryOperationRelationClass.cpp">
      <Filter>Source Files</Filter>
    </ClCompile>
    <ClCompile Include="ProductBranchRelationClass.cpp">
      <Filter>Source Files</Filter>
    </ClCompile>
    <ClCompile Include="ProductBranchRelationViewClass.cpp">
      <Filter>Source Files</Filter>
    </ClCompile>
    <ClCompile Include="ShareholderClass.cpp">
      <Filter>Source Files</Filter>
    </ClCompile>
    <ClCompile Include="ShareholderViewClass.cpp">
      <Filter>Source Files</Filter>
    </ClCompile>
    <ClCompile Include="StockHistoryViewClass.cpp">
      <Filter>Source Files</Filter>
    </ClCompile>
    <ClCompile Include="BorrowerViewClass.cpp">
      <Filter>Source Files</Filter>
    </ClCompile>
    <ClCompile Include="StockTransferClass.cpp">
      <Filter>Source Files</Filter>
    </ClCompile>
    <ClCompile Include="StockTransferListClass.cpp">
      <Filter>Source Files</Filter>
    </ClCompile>
    <ClCompile Include="StockTransferListViewClass.cpp">
      <Filter>Source Files</Filter>
    </ClCompile>
    <ClCompile Include="StockTransfertViewClass.cpp">
      <Filter>Source Files</Filter>
    </ClCompile>
    <ClCompile Include="ExtendedEntryViewClass.cpp">
      <Filter>Source Files</Filter>
    </ClCompile>
    <ClCompile Include="CashboxTransactionClass.cpp">
      <Filter>Source Files</Filter>
    </ClCompile>
    <ClCompile Include="AmortizeGroupClass.cpp">
      <Filter>Source Files</Filter>
    </ClCompile>
    <ClCompile Include="AmortizeTypeClass.cpp">
      <Filter>Source Files</Filter>
    </ClCompile>
    <ClCompile Include="FixedAssetsClass.cpp">
      <Filter>Source Files</Filter>
    </ClCompile>
    <ClCompile Include="FixedAssetsViewClass.cpp">
      <Filter>Source Files</Filter>
    </ClCompile>
    <ClCompile Include="FixedAssetsDetailsClass.cpp">
      <Filter>Source Files</Filter>
    </ClCompile>
    <ClCompile Include="FixedAssetsDetailsViewClass.cpp">
      <Filter>Source Files</Filter>
    </ClCompile>
    <ClCompile Include="FixedAssetsOperationsClass.cpp">
      <Filter>Source Files</Filter>
    </ClCompile>
    <ClCompile Include="FixedAssetsSpecificationClass.cpp">
      <Filter>Source Files</Filter>
    </ClCompile>
    <ClCompile Include="InventoryClass.cpp">
      <Filter>Source Files</Filter>
    </ClCompile>
    <ClCompile Include="InventoryViewClass.cpp">
      <Filter>Source Files</Filter>
    </ClCompile>
    <ClCompile Include="InvontoryHistoryClass.cpp">
      <Filter>Source Files</Filter>
    </ClCompile>
    <ClCompile Include="PostingFixedAssetsClass.cpp">
      <Filter>Source Files</Filter>
    </ClCompile>
    <ClCompile Include="PostingFixedAssetsViewClass.cpp">
      <Filter>Source Files</Filter>
    </ClCompile>
    <ClCompile Include="FixedAssetsUnionClass.cpp">
      <Filter>Source Files</Filter>
    </ClCompile>
    <ClCompile Include="InventoryUnionClass.cpp">
      <Filter>Source Files</Filter>
    </ClCompile>
    <ClCompile Include="ConsumeOtherStocksClass.cpp">
      <Filter>Source Files</Filter>
    </ClCompile>
    <ClCompile Include="ConsumeOtherStocksListClass.cpp">
      <Filter>Source Files</Filter>
    </ClCompile>
    <ClCompile Include="ConsumeOtherStocksViewClass.cpp">
      <Filter>Source Files</Filter>
    </ClCompile>
    <ClCompile Include="ConsumeOtherStocksListViewClass.cpp">
      <Filter>Source Files</Filter>
    </ClCompile>
    <ClCompile Include="LowValueStockClass.cpp">
      <Filter>Source Files</Filter>
    </ClCompile>
    <ClCompile Include="LowValueStockHistoryClass.cpp">
      <Filter>Source Files</Filter>
    </ClCompile>
    <ClCompile Include="LowValueStockHistoryViewClass.cpp">
      <Filter>Source Files</Filter>
    </ClCompile>
    <ClCompile Include="OtherStocksClass.cpp">
      <Filter>Source Files</Filter>
    </ClCompile>
    <ClCompile Include="OtherStocksViewClass.cpp">
      <Filter>Source Files</Filter>
    </ClCompile>
    <ClCompile Include="ReceiptOtherStocksClass.cpp">
      <Filter>Source Files</Filter>
    </ClCompile>
    <ClCompile Include="ReceiptOtherStocksListClass.cpp">
      <Filter>Source Files</Filter>
    </ClCompile>
    <ClCompile Include="ReceiptOtherStocksViewClass.cpp">
      <Filter>Source Files</Filter>
    </ClCompile>
    <ClCompile Include="ReceiptOtherStocksListViewClass.cpp">
      <Filter>Source Files</Filter>
    </ClCompile>
    <ClCompile Include="FullExtendedEntryViewClass.cpp">
      <Filter>Source Files</Filter>
    </ClCompile>
    <ClCompile Include="LowValueStockViewClass.cpp">
      <Filter>Source Files</Filter>
    </ClCompile>
    <ClCompile Include="OtherStocksTypeClass.cpp">
      <Filter>Source Files</Filter>
    </ClCompile>
    <ClCompile Include="StockHistoryClass.cpp">
      <Filter>Source Files</Filter>
    </ClCompile>
    <ClCompile Include="TransportHistoryClass.cpp">
      <Filter>Source Files</Filter>
    </ClCompile>
    <ClCompile Include="GroupClass.cpp">
      <Filter>Source Files</Filter>
    </ClCompile>
    <ClCompile Include="StockLimitClass.cpp">
      <Filter>Source Files</Filter>
    </ClCompile>
    <ClCompile Include="StockLimitViewClass.cpp">
      <Filter>Source Files</Filter>
    </ClCompile>
    <ClCompile Include="SubaccountLimitClass.cpp">
      <Filter>Source Files</Filter>
    </ClCompile>
    <ClCompile Include="SubaccountLimitViewClass.cpp">
      <Filter>Source Files</Filter>
    </ClCompile>
    <ClCompile Include="UserGroupRelationClass.cpp">
      <Filter>Source Files</Filter>
    </ClCompile>
    <ClCompile Include="UserGroupRelationViewClass.cpp">
      <Filter>Source Files</Filter>
    </ClCompile>
    <ClCompile Include="AccountChangeLogClass.cpp">
      <Filter>Source Files</Filter>
    </ClCompile>
    <ClCompile Include="LowValueStockChangeLogClass.cpp">
      <Filter>Source Files</Filter>
    </ClCompile>
    <ClCompile Include="SpecificationChangeLogClass.cpp">
      <Filter>Source Files</Filter>
    </ClCompile>
    <ClCompile Include="StockChangeLogClass.cpp">
      <Filter>Source Files</Filter>
    </ClCompile>
    <ClCompile Include="SubaccountChangeLogClass.cpp">
      <Filter>Source Files</Filter>
    </ClCompile>
    <ClCompile Include="TransportChangeLogClass.cpp">
      <Filter>Source Files</Filter>
    </ClCompile>
    <ClCompile Include="GlobalVariableClass.cpp">
      <Filter>Source Files</Filter>
    </ClCompile>
    <ClCompile Include="AccountableApprovementClass.cpp">
      <Filter>Source Files</Filter>
    </ClCompile>
    <ClCompile Include="AccountableDocumentListClass.cpp">
      <Filter>Source Files</Filter>
    </ClCompile>
    <ClCompile Include="AccountableDocumentClass.cpp">
      <Filter>Source Files</Filter>
    </ClCompile>
    <ClCompile Include="AccountableEntryClass.cpp">
      <Filter>Source Files</Filter>
    </ClCompile>
    <ClCompile Include="AccountablePaymentRelationClass.cpp">
      <Filter>Source Files</Filter>
    </ClCompile>
    <ClCompile Include="AccountableWithdrawalRelationClass.cpp">
      <Filter>Source Files</Filter>
    </ClCompile>
    <ClCompile Include="AccountableUinonDocumentClass.cpp">
      <Filter>Source Files</Filter>
    </ClCompile>
    <ClCompile Include="ExpenseDocumentClass.cpp">
      <Filter>Source Files</Filter>
    </ClCompile>
    <ClCompile Include="BranchSubaccountRelationClass.cpp">
      <Filter>Source Files</Filter>
    </ClCompile>
    <ClCompile Include="BranchSubaccountRelationViewClass.cpp">
      <Filter>Source Files</Filter>
    </ClCompile>
    <ClCompile Include="UserExtendedViewClass.cpp">
      <Filter>Source Files</Filter>
    </ClCompile>
    <ClCompile Include="PriceExtensionClass.cpp">
      <Filter>Source Files</Filter>
    </ClCompile>
    <ClCompile Include="PriceExtensionViewClass.cpp">
      <Filter>Source Files</Filter>
    </ClCompile>
    <ClCompile Include="CurrencyRateClass.cpp">
      <Filter>Source Files</Filter>
    </ClCompile>
    <ClCompile Include="CurrencyRateViewClass.cpp">
      <Filter>Source Files</Filter>
    </ClCompile>
    <ClCompile Include="NetCostHistoryClass.cpp">
      <Filter>Source Files</Filter>
    </ClCompile>
    <ClCompile Include="NetCostCoefficientClass.cpp">
      <Filter>Source Files</Filter>
    </ClCompile>
    <ClCompile Include="NetCostCoefficientViewClass.cpp">
      <Filter>Source Files</Filter>
    </ClCompile>
    <ClCompile Include="OrderPriceCorrectionClass.cpp">
      <Filter>Source Files</Filter>
    </ClCompile>
    <ClCompile Include="RetrunPriceCorrectionClass.cpp">
      <Filter>Source Files</Filter>
    </ClCompile>
    <ClCompile Include="MulticurrencyClass.cpp">
      <Filter>Source Files</Filter>
    </ClCompile>
    <ClCompile Include="MulticurrencyViewClass.cpp">
      <Filter>Source Files</Filter>
    </ClCompile>
  </ItemGroup>
</Project>