<?xml version="1.0" encoding="utf-8"?>
<Project ToolsVersion="4.0" xmlns="http://schemas.microsoft.com/developer/msbuild/2003">
  <ItemGroup>
    <Filter Include="Source Files">
      <UniqueIdentifier>{4FC737F1-C7A5-4376-A066-2A32D752A2FF}</UniqueIdentifier>
      <Extensions>cpp;c;cc;cxx;def;odl;idl;hpj;bat;asm;asmx</Extensions>
    </Filter>
    <Filter Include="Header Files">
      <UniqueIdentifier>{93995380-89BD-4b04-88EB-625FBE52EBFB}</UniqueIdentifier>
      <Extensions>h;hh;hpp;hxx;hm;inl;inc;xsd</Extensions>
    </Filter>
    <Filter Include="Resource Files">
      <UniqueIdentifier>{67DA6AB6-F800-4c08-8B7A-83BB121AAD01}</UniqueIdentifier>
      <Extensions>rc;ico;cur;bmp;dlg;rc2;rct;bin;rgs;gif;jpg;jpeg;jpe;resx;tiff;tif;png;wav;mfcribbon-ms</Extensions>
    </Filter>
    <Filter Include="User Interface">
      <UniqueIdentifier>{d1f9f9f2-ce68-4a39-8402-571d022080f7}</UniqueIdentifier>
    </Filter>
    <Filter Include="Header Files\UI Headers">
      <UniqueIdentifier>{b22977f3-c5e9-48ff-9dca-0110dc1b6dbf}</UniqueIdentifier>
    </Filter>
    <Filter Include="MOC Files">
      <UniqueIdentifier>{67338fcf-eaff-4dc7-8f06-3bd76c38e0dc}</UniqueIdentifier>
    </Filter>
    <Filter Include="Header Files\TinyXML">
      <UniqueIdentifier>{d4bdeddd-ee62-4180-95c4-30c929b976ec}</UniqueIdentifier>
    </Filter>
    <Filter Include="Source Files\TinyXML">
      <UniqueIdentifier>{9221703d-7b3f-459c-988a-2551edd28d03}</UniqueIdentifier>
    </Filter>
  </ItemGroup>
  <ItemGroup>
    <Text Include="ReadMe.txt" />
  </ItemGroup>
  <ItemGroup>
    <ClInclude Include="stdafx.h">
      <Filter>Header Files</Filter>
    </ClInclude>
    <ClInclude Include="targetver.h">
      <Filter>Header Files</Filter>
    </ClInclude>
    <ClInclude Include="ui_DataForm.h">
      <Filter>Header Files\UI Headers</Filter>
    </ClInclude>
    <ClInclude Include="ui_MainForm.h">
      <Filter>Header Files\UI Headers</Filter>
    </ClInclude>
    <ClInclude Include="ui_LoginForm.h">
      <Filter>Header Files\UI Headers</Filter>
    </ClInclude>
    <ClInclude Include="ui_CreateCmpDlg.h">
      <Filter>Header Files\UI Headers</Filter>
    </ClInclude>
    <ClInclude Include="ui_CreateCurDlg.h">
      <Filter>Header Files\UI Headers</Filter>
    </ClInclude>
    <ClInclude Include="ui_CreateMsrDlg.h">
      <Filter>Header Files\UI Headers</Filter>
    </ClInclude>
    <ClInclude Include="ui_CreatePrdTpDlg.h">
      <Filter>Header Files\UI Headers</Filter>
    </ClInclude>
    <ClInclude Include="ui_CreateRoleDlg.h">
      <Filter>Header Files\UI Headers</Filter>
    </ClInclude>
    <ClInclude Include="ui_CreateStsDlg.h">
      <Filter>Header Files\UI Headers</Filter>
    </ClInclude>
    <ClInclude Include="AllDlgHeaders.h">
      <Filter>Header Files</Filter>
    </ClInclude>
    <ClInclude Include="ExtraFunctions.h">
      <Filter>Header Files</Filter>
    </ClInclude>
    <ClInclude Include="ui_CreateLcnDlg.h">
      <Filter>Header Files\UI Headers</Filter>
    </ClInclude>
    <ClInclude Include="ui_CreateUserDlg.h">
      <Filter>Header Files\UI Headers</Filter>
    </ClInclude>
    <ClInclude Include="ui_CreateProdDlg.h">
      <Filter>Header Files\UI Headers</Filter>
    </ClInclude>
    <ClInclude Include="ui_CreateProdnDlg.h">
      <Filter>Header Files\UI Headers</Filter>
    </ClInclude>
    <ClInclude Include="ui_CreateOrdDlg.h">
      <Filter>Header Files\UI Headers</Filter>
    </ClInclude>
    <ClInclude Include="ui_CreateRtrnDlg.h">
      <Filter>Header Files\UI Headers</Filter>
    </ClInclude>
    <ClInclude Include="ui_CreateSlrTypeDlg.h">
      <Filter>Header Files\UI Headers</Filter>
    </ClInclude>
    <ClInclude Include="ui_CreateCltDlg.h">
      <Filter>Header Files\UI Headers</Filter>
    </ClInclude>
    <ClInclude Include="ui_CreateEmpDlg.h">
      <Filter>Header Files\UI Headers</Filter>
    </ClInclude>
    <ClInclude Include="ui_CreateOrdListDlg.h">
      <Filter>Header Files\UI Headers</Filter>
    </ClInclude>
    <ClInclude Include="ui_CreatePhtDlg.h">
      <Filter>Header Files\UI Headers</Filter>
    </ClInclude>
    <ClInclude Include="ui_CreatePmtDlg.h">
      <Filter>Header Files\UI Headers</Filter>
    </ClInclude>
    <ClInclude Include="ui_CreatePosDlg.h">
      <Filter>Header Files\UI Headers</Filter>
    </ClInclude>
    <ClInclude Include="ui_CreatePrcDlg.h">
      <Filter>Header Files\UI Headers</Filter>
    </ClInclude>
    <ClInclude Include="ui_CreatePrdnListDlg.h">
      <Filter>Header Files\UI Headers</Filter>
    </ClInclude>
    <ClInclude Include="ui_CreateRelDlg.h">
      <Filter>Header Files\UI Headers</Filter>
    </ClInclude>
    <ClInclude Include="ui_CreateRelTypeDlg.h">
      <Filter>Header Files\UI Headers</Filter>
    </ClInclude>
    <ClInclude Include="ui_CreateRtrnListDlg.h">
      <Filter>Header Files\UI Headers</Filter>
    </ClInclude>
    <ClInclude Include="ui_CreateSlrDlg.h">
      <Filter>Header Files\UI Headers</Filter>
    </ClInclude>
    <ClInclude Include="ui_CreateBlcDlg.h">
      <Filter>Header Files\UI Headers</Filter>
    </ClInclude>
    <ClInclude Include="ui_CreateAcsItemDlg.h">
      <Filter>Header Files\UI Headers</Filter>
    </ClInclude>
    <ClInclude Include="ui_CreateAcsDlg.h">
      <Filter>Header Files\UI Headers</Filter>
    </ClInclude>
    <ClInclude Include="ui_CreateWOffListDlg.h">
      <Filter>Header Files\UI Headers</Filter>
    </ClInclude>
    <ClInclude Include="ui_CreateWOffDlg.h">
      <Filter>Header Files\UI Headers</Filter>
    </ClInclude>
    <ClInclude Include="ui_CreateWdwDlg.h">
      <Filter>Header Files\UI Headers</Filter>
    </ClInclude>
    <ClInclude Include="ui_ClcWagesDlg.h">
      <Filter>Header Files\UI Headers</Filter>
    </ClInclude>
    <ClInclude Include="ui_CreatePspDlg.h">
      <Filter>Header Files\UI Headers</Filter>
    </ClInclude>
    <ClInclude Include="ui_CreateRfdDlg.h">
      <Filter>Header Files\UI Headers</Filter>
    </ClInclude>
    <ClInclude Include="ui_CreateConPDlg.h">
      <Filter>Header Files\UI Headers</Filter>
    </ClInclude>
    <ClInclude Include="ui_CreateConPListDlg.h">
      <Filter>Header Files\UI Headers</Filter>
    </ClInclude>
    <ClInclude Include="ui_CreateConRDlg.h">
      <Filter>Header Files\UI Headers</Filter>
    </ClInclude>
    <ClInclude Include="ui_CreateConRListDlg.h">
      <Filter>Header Files\UI Headers</Filter>
    </ClInclude>
    <ClInclude Include="ui_CreateInvDlg.h">
      <Filter>Header Files\UI Headers</Filter>
    </ClInclude>
    <ClInclude Include="ui_CreateInvListDlg.h">
      <Filter>Header Files\UI Headers</Filter>
    </ClInclude>
    <ClInclude Include="ui_CreateOrdRDlg.h">
      <Filter>Header Files\UI Headers</Filter>
    </ClInclude>
    <ClInclude Include="ui_CreateOrdRListDlg.h">
      <Filter>Header Files\UI Headers</Filter>
    </ClInclude>
    <ClInclude Include="ui_CreateRcpPDlg.h">
      <Filter>Header Files\UI Headers</Filter>
    </ClInclude>
    <ClInclude Include="ui_CreateRcpPListDlg.h">
      <Filter>Header Files\UI Headers</Filter>
    </ClInclude>
    <ClInclude Include="ui_CreateStockDlg.h">
      <Filter>Header Files\UI Headers</Filter>
    </ClInclude>
    <ClInclude Include="ui_CreateTrsDlg.h">
      <Filter>Header Files\UI Headers</Filter>
    </ClInclude>
    <ClInclude Include="ui_CreateTrsListDlg.h">
      <Filter>Header Files\UI Headers</Filter>
    </ClInclude>
    <ClInclude Include="ui_CreateWOffRListDlg.h">
      <Filter>Header Files\UI Headers</Filter>
    </ClInclude>
    <ClInclude Include="ui_CreateWOffRDlg.h">
      <Filter>Header Files\UI Headers</Filter>
    </ClInclude>
    <ClInclude Include="ui_CreateSpecDlg.h">
      <Filter>Header Files\UI Headers</Filter>
    </ClInclude>
    <ClInclude Include="ui_CreateSpecListDlg.h">
      <Filter>Header Files\UI Headers</Filter>
    </ClInclude>
    <ClInclude Include="ui_CreateTmsDlg.h">
      <Filter>Header Files\UI Headers</Filter>
    </ClInclude>
    <ClInclude Include="ui_CreateJbpDlg.h">
      <Filter>Header Files\UI Headers</Filter>
    </ClInclude>
    <ClInclude Include="ui_CreateJbsDlg.h">
      <Filter>Header Files\UI Headers</Filter>
    </ClInclude>
    <ClInclude Include="ui_CreatePcrDlg.h">
      <Filter>Header Files\UI Headers</Filter>
    </ClInclude>
    <ClInclude Include="ui_CreateAccDlg.h">
      <Filter>Header Files\UI Headers</Filter>
    </ClInclude>
    <ClInclude Include="ui_CreateAccTpDlg.h">
      <Filter>Header Files\UI Headers</Filter>
    </ClInclude>
    <ClInclude Include="ui_CreateCOADlg.h">
      <Filter>Header Files\UI Headers</Filter>
    </ClInclude>
    <ClInclude Include="ui_CreateEtrDlg.h">
      <Filter>Header Files\UI Headers</Filter>
    </ClInclude>
    <ClInclude Include="ui_CreateNetCDlg.h">
      <Filter>Header Files\UI Headers</Filter>
    </ClInclude>
    <ClInclude Include="ui_CreatePPlanDlg.h">
      <Filter>Header Files\UI Headers</Filter>
    </ClInclude>
    <ClInclude Include="ui_CreatePPlanListDlg.h">
      <Filter>Header Files\UI Headers</Filter>
    </ClInclude>
    <ClInclude Include="ui_CreatePurDlg.h">
      <Filter>Header Files\UI Headers</Filter>
    </ClInclude>
    <ClInclude Include="ui_CreateSplDlg.h">
      <Filter>Header Files\UI Headers</Filter>
    </ClInclude>
    <ClInclude Include="ui_CreateSplListDlg.h">
      <Filter>Header Files\UI Headers</Filter>
    </ClInclude>
    <ClInclude Include="ui_GenerateAccDlg.h">
      <Filter>Header Files\UI Headers</Filter>
    </ClInclude>
    <ClInclude Include="ui_GenerateOneAccDlg.h">
      <Filter>Header Files\UI Headers</Filter>
    </ClInclude>
    <ClInclude Include="ui_CreateEtrRtDlg.h">
      <Filter>Header Files\UI Headers</Filter>
    </ClInclude>
    <ClInclude Include="ui_CreateCERDlg.h">
      <Filter>Header Files\UI Headers</Filter>
    </ClInclude>
    <ClInclude Include="ui_CreateCARDlg.h">
      <Filter>Header Files\UI Headers</Filter>
    </ClInclude>
    <ClInclude Include="ui_CreateRListDlg.h">
      <Filter>Header Files\UI Headers</Filter>
    </ClInclude>
    <ClInclude Include="ui_CreateSAccDlg.h">
      <Filter>Header Files\UI Headers</Filter>
    </ClInclude>
    <ClInclude Include="ui_CreateStsRuleDlg.h">
      <Filter>Header Files\UI Headers</Filter>
    </ClInclude>
    <ClInclude Include="ui_InfoForm.h">
      <Filter>Header Files\UI Headers</Filter>
    </ClInclude>
    <ClInclude Include="ui_CreateProdConRDlg.h">
      <Filter>Header Files\UI Headers</Filter>
    </ClInclude>
    <ClInclude Include="ui_CreateProdConRListDlg.h">
      <Filter>Header Files\UI Headers</Filter>
    </ClInclude>
    <ClInclude Include="ui_ReworkRawDlg.h">
      <Filter>Header Files\UI Headers</Filter>
    </ClInclude>
    <ClInclude Include="ui_CloseOfMonthDlg.h">
      <Filter>Header Files\UI Headers</Filter>
    </ClInclude>
    <ClInclude Include="ui_CloseOfMonthInfoDlg.h">
      <Filter>Header Files\UI Headers</Filter>
    </ClInclude>
    <ClInclude Include="ui_CreateTaxDlg.h">
      <Filter>Header Files\UI Headers</Filter>
    </ClInclude>
    <ClInclude Include="ui_DocForm.h">
      <Filter>Header Files\UI Headers</Filter>
    </ClInclude>
    <ClInclude Include="ui_GenerateFinRepDlg.h">
      <Filter>Header Files\UI Headers</Filter>
    </ClInclude>
    <ClInclude Include="ui_GenerateCmpBlcDlg.h">
      <Filter>Header Files\UI Headers</Filter>
    </ClInclude>
    <ClInclude Include="ConfigParser.h">
      <Filter>Header Files</Filter>
    </ClInclude>
    <ClInclude Include="TinyXML\tinystr.h">
      <Filter>Header Files\TinyXML</Filter>
    </ClInclude>
    <ClInclude Include="TinyXML\tinyxml.h">
      <Filter>Header Files\TinyXML</Filter>
    </ClInclude>
    <ClInclude Include="ui_CreateDivDlg.h">
      <Filter>Header Files\UI Headers</Filter>
    </ClInclude>
    <ClInclude Include="ui_CashBookListDlg.h">
      <Filter>Header Files\UI Headers</Filter>
    </ClInclude>
    <ClInclude Include="ui_CashInfoDlg.h">
      <Filter>Header Files\UI Headers</Filter>
    </ClInclude>
    <ClInclude Include="ui_GenerateProfRepDlg.h">
      <Filter>Header Files\UI Headers</Filter>
    </ClInclude>
    <ClInclude Include="ui_GenerateSalesRepDlg.h">
      <Filter>Header Files\UI Headers</Filter>
    </ClInclude>
    <ClInclude Include="ui_GenerateSpecRepDlg.h">
      <Filter>Header Files\UI Headers</Filter>
    </ClInclude>
    <ClInclude Include="ui_GenerateAccRepDlg.h">
      <Filter>Header Files\UI Headers</Filter>
    </ClInclude>
    <ClInclude Include="ui_CreateBrhDlg.h">
      <Filter>Header Files\UI Headers</Filter>
    </ClInclude>
    <ClInclude Include="ui_CreateCASHERDlg.h">
      <Filter>Header Files\UI Headers</Filter>
    </ClInclude>
    <ClInclude Include="ui_CreateCbxDlg.h">
      <Filter>Header Files\UI Headers</Filter>
    </ClInclude>
    <ClInclude Include="ui_CreateWERDlg.h">
      <Filter>Header Files\UI Headers</Filter>
    </ClInclude>
    <ClInclude Include="ui_CreateWrhDlg.h">
      <Filter>Header Files\UI Headers</Filter>
    </ClInclude>
    <ClInclude Include="ui_CreateWrhTpDlg.h">
      <Filter>Header Files\UI Headers</Filter>
    </ClInclude>
    <ClInclude Include="ui_SearchDlg.h">
      <Filter>Header Files\UI Headers</Filter>
    </ClInclude>
    <ClInclude Include="resource.h">
      <Filter>Header Files</Filter>
    </ClInclude>
    <ClInclude Include="ui_CreateShrDlg.h">
      <Filter>Header Files\UI Headers</Filter>
    </ClInclude>
    <ClInclude Include="ui_CreateAcctbDlg.h">
      <Filter>Header Files\UI Headers</Filter>
    </ClInclude>
    <ClInclude Include="ui_CreateBrwDlg.h">
      <Filter>Header Files\UI Headers</Filter>
    </ClInclude>
    <ClInclude Include="ui_CreateCrdDlg.h">
      <Filter>Header Files\UI Headers</Filter>
    </ClInclude>
    <ClInclude Include="ui_CreateEmpPrdDlg.h">
      <Filter>Header Files\UI Headers</Filter>
    </ClInclude>
    <ClInclude Include="ui_CreatePrdBrnDlg.h">
      <Filter>Header Files\UI Headers</Filter>
    </ClInclude>
    <ClInclude Include="ui_CreateStockTrDlg.h">
      <Filter>Header Files\UI Headers</Filter>
    </ClInclude>
    <ClInclude Include="ui_CreateStocTrListDlg.h">
      <Filter>Header Files\UI Headers</Filter>
    </ClInclude>
    <ClInclude Include="ui_GenerateWTBSDlg.h">
      <Filter>Header Files\UI Headers</Filter>
    </ClInclude>
    <ClInclude Include="ui_ReportForm.h">
      <Filter>Header Files\UI Headers</Filter>
    </ClInclude>
    <ClInclude Include="ui_CreateFxdAstDlg.h">
      <Filter>Header Files\UI Headers</Filter>
    </ClInclude>
    <ClInclude Include="ui_CreateInveDlg.h">
      <Filter>Header Files\UI Headers</Filter>
    </ClInclude>
    <ClInclude Include="ui_CreateAmGrDlg.h">
      <Filter>Header Files\UI Headers</Filter>
    </ClInclude>
    <ClInclude Include="ui_CreateAmTypeDlg.h">
      <Filter>Header Files\UI Headers</Filter>
    </ClInclude>
    <ClInclude Include="ui_CreateFxdAstOperDlg.h">
      <Filter>Header Files\UI Headers</Filter>
    </ClInclude>
    <ClInclude Include="ui_CreateDivAccDlg.h">
      <Filter>Header Files\UI Headers</Filter>
    </ClInclude>
    <ClInclude Include="ui_CreateConOthStDlg.h">
      <Filter>Header Files\UI Headers</Filter>
    </ClInclude>
    <ClInclude Include="ui_CreateConOthStListDlg.h">
      <Filter>Header Files\UI Headers</Filter>
    </ClInclude>
    <ClInclude Include="ui_CreateOthStDlg.h">
      <Filter>Header Files\UI Headers</Filter>
    </ClInclude>
    <ClInclude Include="ui_CreateRcpOthStDlg.h">
      <Filter>Header Files\UI Headers</Filter>
    </ClInclude>
    <ClInclude Include="ui_CreateRcpOthStListDlg.h">
      <Filter>Header Files\UI Headers</Filter>
    </ClInclude>
    <ClInclude Include="ui_CreateOthSTypeDlg.h">
      <Filter>Header Files\UI Headers</Filter>
    </ClInclude>
    <ClInclude Include="ui_CreateGrpDlg.h">
      <Filter>Header Files\UI Headers</Filter>
    </ClInclude>
    <ClInclude Include="ui_CreateSAccLmDlg.h">
      <Filter>Header Files\UI Headers</Filter>
    </ClInclude>
    <ClInclude Include="ui_CreateStockLmDlg.h">
      <Filter>Header Files\UI Headers</Filter>
    </ClInclude>
    <ClInclude Include="ui_CreateUserGrDlg.h">
      <Filter>Header Files\UI Headers</Filter>
    </ClInclude>
    <ClInclude Include="ui_GenerateDailySalesRepDlg.h">
      <Filter>Header Files\UI Headers</Filter>
    </ClInclude>
    <ClInclude Include="ui_CreateAccblRepDlg.h">
      <Filter>Header Files\UI Headers</Filter>
    </ClInclude>
    <ClInclude Include="ui_CreateAccblEtrDlg.h">
      <Filter>Header Files\UI Headers</Filter>
    </ClInclude>
    <ClInclude Include="ui_CreateAccblExpDlg.h">
      <Filter>Header Files\UI Headers</Filter>
    </ClInclude>
    <ClInclude Include="ui_CreateBrSAccDlg.h">
      <Filter>Header Files\UI Headers</Filter>
    </ClInclude>
    <ClInclude Include="ui_GenerateAgentRepDlg.h">
      <Filter>Header Files\UI Headers</Filter>
    </ClInclude>
    <ClInclude Include="ui_GenerateComRepDlg.h">
      <Filter>Header Files\UI Headers</Filter>
    </ClInclude>
    <ClInclude Include="ui_GenerateFxAstRepDlg.h">
      <Filter>Header Files\UI Headers</Filter>
    </ClInclude>
    <ClInclude Include="ui_GenerateWrRepDlg.h">
      <Filter>Header Files\UI Headers</Filter>
    </ClInclude>
  </ItemGroup>
  <ItemGroup>
    <ClCompile Include="stdafx.cpp">
      <Filter>Source Files</Filter>
    </ClCompile>
    <ClCompile Include="OrmasAdmin.cpp">
      <Filter>Source Files</Filter>
    </ClCompile>
    <ClCompile Include="MainForm.cpp">
      <Filter>Source Files</Filter>
    </ClCompile>
    <ClCompile Include="moc_DataForm.cpp">
      <Filter>MOC Files</Filter>
    </ClCompile>
    <ClCompile Include="moc_LoginForm.cpp">
      <Filter>MOC Files</Filter>
    </ClCompile>
    <ClCompile Include="moc_MainForm.cpp">
      <Filter>MOC Files</Filter>
    </ClCompile>
    <ClCompile Include="DataForm.cpp">
      <Filter>Source Files</Filter>
    </ClCompile>
    <ClCompile Include="CreateCmpDlg.cpp">
      <Filter>Source Files</Filter>
    </ClCompile>
    <ClCompile Include="LoginForm.cpp">
      <Filter>Source Files</Filter>
    </ClCompile>
    <ClCompile Include="CreateCurDlg.cpp">
      <Filter>Source Files</Filter>
    </ClCompile>
    <ClCompile Include="CreateMsrDlg.cpp">
      <Filter>Source Files</Filter>
    </ClCompile>
    <ClCompile Include="CreatePrdTpDlg.cpp">
      <Filter>Source Files</Filter>
    </ClCompile>
    <ClCompile Include="CreateRoleDlg.cpp">
      <Filter>Source Files</Filter>
    </ClCompile>
    <ClCompile Include="CreateStsDlg.cpp">
      <Filter>Source Files</Filter>
    </ClCompile>
    <ClCompile Include="moc_CreateCurDlg.cpp">
      <Filter>MOC Files</Filter>
    </ClCompile>
    <ClCompile Include="moc_CreateMsrDlg.cpp">
      <Filter>MOC Files</Filter>
    </ClCompile>
    <ClCompile Include="moc_CreatePrdTpDlg.cpp">
      <Filter>MOC Files</Filter>
    </ClCompile>
    <ClCompile Include="moc_CreateRoleDlg.cpp">
      <Filter>MOC Files</Filter>
    </ClCompile>
    <ClCompile Include="moc_CreateStsDlg.cpp">
      <Filter>MOC Files</Filter>
    </ClCompile>
    <ClCompile Include="moc_CreateCmpDlg.cpp">
      <Filter>MOC Files</Filter>
    </ClCompile>
    <ClCompile Include="CreateLcnDlg.cpp">
      <Filter>Source Files</Filter>
    </ClCompile>
    <ClCompile Include="moc_CreateLcnDlg.cpp">
      <Filter>MOC Files</Filter>
    </ClCompile>
    <ClCompile Include="moc_CreateUserDlg.cpp">
      <Filter>MOC Files</Filter>
    </ClCompile>
    <ClCompile Include="CreateUserDlg.cpp">
      <Filter>Source Files</Filter>
    </ClCompile>
    <ClCompile Include="moc_CreateProdDlg.cpp">
      <Filter>MOC Files</Filter>
    </ClCompile>
    <ClCompile Include="CreateProdDlg.cpp">
      <Filter>Source Files</Filter>
    </ClCompile>
    <ClCompile Include="CreateProdnDlg.cpp">
      <Filter>Source Files</Filter>
    </ClCompile>
    <ClCompile Include="moc_CreateProdnDlg.cpp">
      <Filter>MOC Files</Filter>
    </ClCompile>
    <ClCompile Include="CreateOrdDlg.cpp">
      <Filter>Source Files</Filter>
    </ClCompile>
    <ClCompile Include="CreateRtrnDlg.cpp">
      <Filter>Source Files</Filter>
    </ClCompile>
    <ClCompile Include="moc_CreateOrdDlg.cpp">
      <Filter>MOC Files</Filter>
    </ClCompile>
    <ClCompile Include="moc_CreateRtrnDlg.cpp">
      <Filter>MOC Files</Filter>
    </ClCompile>
    <ClCompile Include="moc_CreateAcsItemDlg.cpp">
      <Filter>MOC Files</Filter>
    </ClCompile>
    <ClCompile Include="moc_CreateBlcDlg.cpp">
      <Filter>MOC Files</Filter>
    </ClCompile>
    <ClCompile Include="moc_CreateCltDlg.cpp">
      <Filter>MOC Files</Filter>
    </ClCompile>
    <ClCompile Include="moc_CreateEmpDlg.cpp">
      <Filter>MOC Files</Filter>
    </ClCompile>
    <ClCompile Include="moc_CreateOrdListDlg.cpp">
      <Filter>MOC Files</Filter>
    </ClCompile>
    <ClCompile Include="moc_CreatePhtDlg.cpp">
      <Filter>MOC Files</Filter>
    </ClCompile>
    <ClCompile Include="moc_CreatePmtDlg.cpp">
      <Filter>MOC Files</Filter>
    </ClCompile>
    <ClCompile Include="moc_CreatePosDlg.cpp">
      <Filter>MOC Files</Filter>
    </ClCompile>
    <ClCompile Include="moc_CreatePrcDlg.cpp">
      <Filter>MOC Files</Filter>
    </ClCompile>
    <ClCompile Include="moc_CreateProdnListDlg.cpp">
      <Filter>MOC Files</Filter>
    </ClCompile>
    <ClCompile Include="moc_CreateRelDlg.cpp">
      <Filter>MOC Files</Filter>
    </ClCompile>
    <ClCompile Include="moc_CreateRelTypeDlg.cpp">
      <Filter>MOC Files</Filter>
    </ClCompile>
    <ClCompile Include="moc_CreateRtrnListDlg.cpp">
      <Filter>MOC Files</Filter>
    </ClCompile>
    <ClCompile Include="moc_CreateSlrDlg.cpp">
      <Filter>MOC Files</Filter>
    </ClCompile>
    <ClCompile Include="moc_CreateSlrTypeDlg.cpp">
      <Filter>MOC Files</Filter>
    </ClCompile>
    <ClCompile Include="moc_CreateAcsDlg.cpp">
      <Filter>MOC Files</Filter>
    </ClCompile>
    <ClCompile Include="CreateAcsDlg.cpp">
      <Filter>Source Files</Filter>
    </ClCompile>
    <ClCompile Include="CreateAcsItemDlg.cpp">
      <Filter>Source Files</Filter>
    </ClCompile>
    <ClCompile Include="CreateBlcDlg.cpp">
      <Filter>Source Files</Filter>
    </ClCompile>
    <ClCompile Include="CreateCltDlg.cpp">
      <Filter>Source Files</Filter>
    </ClCompile>
    <ClCompile Include="CreateEmpDlg.cpp">
      <Filter>Source Files</Filter>
    </ClCompile>
    <ClCompile Include="CreateOrdListDlg.cpp">
      <Filter>Source Files</Filter>
    </ClCompile>
    <ClCompile Include="CreatePhtDlg.cpp">
      <Filter>Source Files</Filter>
    </ClCompile>
    <ClCompile Include="CreatePmtDlg.cpp">
      <Filter>Source Files</Filter>
    </ClCompile>
    <ClCompile Include="CreatePosDlg.cpp">
      <Filter>Source Files</Filter>
    </ClCompile>
    <ClCompile Include="CreatePrcDlg.cpp">
      <Filter>Source Files</Filter>
    </ClCompile>
    <ClCompile Include="CreateProdnListDlg.cpp">
      <Filter>Source Files</Filter>
    </ClCompile>
    <ClCompile Include="CreateRelTypeDlg.cpp">
      <Filter>Source Files</Filter>
    </ClCompile>
    <ClCompile Include="CreateRelDlg.cpp">
      <Filter>Source Files</Filter>
    </ClCompile>
    <ClCompile Include="CreateRtrnListDlg.cpp">
      <Filter>Source Files</Filter>
    </ClCompile>
    <ClCompile Include="CreateSlrDlg.cpp">
      <Filter>Source Files</Filter>
    </ClCompile>
    <ClCompile Include="CreateSlrTypeDlg.cpp">
      <Filter>Source Files</Filter>
    </ClCompile>
    <ClCompile Include="CreateWOffDlg.cpp">
      <Filter>Source Files</Filter>
    </ClCompile>
    <ClCompile Include="CreateWOffListDlg.cpp">
      <Filter>Source Files</Filter>
    </ClCompile>
    <ClCompile Include="moc_CreateWOffDlg.cpp">
      <Filter>MOC Files</Filter>
    </ClCompile>
    <ClCompile Include="moc_CreateWOffListDlg.cpp">
      <Filter>MOC Files</Filter>
    </ClCompile>
    <ClCompile Include="CreateWdwDlg.cpp">
      <Filter>Source Files</Filter>
    </ClCompile>
    <ClCompile Include="moc_CreateWdwDlg.cpp">
      <Filter>MOC Files</Filter>
    </ClCompile>
    <ClCompile Include="ClcWagesDlg.cpp">
      <Filter>Source Files</Filter>
    </ClCompile>
    <ClCompile Include="moc_ClcWagesDlg.cpp">
      <Filter>MOC Files</Filter>
    </ClCompile>
    <ClCompile Include="CreatePspDlg.cpp">
      <Filter>Source Files</Filter>
    </ClCompile>
    <ClCompile Include="moc_CreatePspDlg.cpp">
      <Filter>MOC Files</Filter>
    </ClCompile>
    <ClCompile Include="CreateRfdDlg.cpp">
      <Filter>Source Files</Filter>
    </ClCompile>
    <ClCompile Include="moc_CreateRfdDlg.cpp">
      <Filter>MOC Files</Filter>
    </ClCompile>
    <ClCompile Include="CreateConPDlg.cpp">
      <Filter>Source Files</Filter>
    </ClCompile>
    <ClCompile Include="CreateConPListDlg.cpp">
      <Filter>Source Files</Filter>
    </ClCompile>
    <ClCompile Include="CreateConRDlg.cpp">
      <Filter>Source Files</Filter>
    </ClCompile>
    <ClCompile Include="CreateConRListDlg.cpp">
      <Filter>Source Files</Filter>
    </ClCompile>
    <ClCompile Include="CreateInvDlg.cpp">
      <Filter>Source Files</Filter>
    </ClCompile>
    <ClCompile Include="CreateInvListDlg.cpp">
      <Filter>Source Files</Filter>
    </ClCompile>
    <ClCompile Include="CreateOrdRDlg.cpp">
      <Filter>Source Files</Filter>
    </ClCompile>
    <ClCompile Include="CreateOrdRListDlg.cpp">
      <Filter>Source Files</Filter>
    </ClCompile>
    <ClCompile Include="CreateRcpPDlg.cpp">
      <Filter>Source Files</Filter>
    </ClCompile>
    <ClCompile Include="CreateRcpPListDlg.cpp">
      <Filter>Source Files</Filter>
    </ClCompile>
    <ClCompile Include="CreateStockDlg.cpp">
      <Filter>Source Files</Filter>
    </ClCompile>
    <ClCompile Include="CreateTrsDlg.cpp">
      <Filter>Source Files</Filter>
    </ClCompile>
    <ClCompile Include="CreateTrsListDlg.cpp">
      <Filter>Source Files</Filter>
    </ClCompile>
    <ClCompile Include="CreateWOffRDlg.cpp">
      <Filter>Source Files</Filter>
    </ClCompile>
    <ClCompile Include="CreateWOffRListDlg.cpp">
      <Filter>Source Files</Filter>
    </ClCompile>
    <ClCompile Include="moc_CreateConPListDlg.cpp">
      <Filter>MOC Files</Filter>
    </ClCompile>
    <ClCompile Include="moc_CreateConRDlg.cpp">
      <Filter>MOC Files</Filter>
    </ClCompile>
    <ClCompile Include="moc_CreateConRListDlg.cpp">
      <Filter>MOC Files</Filter>
    </ClCompile>
    <ClCompile Include="moc_CreateInvDlg.cpp">
      <Filter>MOC Files</Filter>
    </ClCompile>
    <ClCompile Include="moc_CreateInvListDlg.cpp">
      <Filter>MOC Files</Filter>
    </ClCompile>
    <ClCompile Include="moc_CreateOrdRDlg.cpp">
      <Filter>MOC Files</Filter>
    </ClCompile>
    <ClCompile Include="moc_CreateOrdRListDlg.cpp">
      <Filter>MOC Files</Filter>
    </ClCompile>
    <ClCompile Include="moc_CreateStockDlg.cpp">
      <Filter>MOC Files</Filter>
    </ClCompile>
    <ClCompile Include="moc_CreateTrsDlg.cpp">
      <Filter>MOC Files</Filter>
    </ClCompile>
    <ClCompile Include="moc_CreateTrsListDlg.cpp">
      <Filter>MOC Files</Filter>
    </ClCompile>
    <ClCompile Include="moc_CreateWOffRDlg.cpp">
      <Filter>MOC Files</Filter>
    </ClCompile>
    <ClCompile Include="moc_CreateWOffRListDlg.cpp">
      <Filter>MOC Files</Filter>
    </ClCompile>
    <ClCompile Include="moc_CreateConPDlg.cpp">
      <Filter>MOC Files</Filter>
    </ClCompile>
    <ClCompile Include="moc_CreateRcpPDlg.cpp">
      <Filter>MOC Files</Filter>
    </ClCompile>
    <ClCompile Include="moc_CreateRcpPListDlg.cpp">
      <Filter>MOC Files</Filter>
    </ClCompile>
    <ClCompile Include="moc_CreateJbpDlg.cpp">
      <Filter>MOC Files</Filter>
    </ClCompile>
    <ClCompile Include="moc_CreateJbsDlg.cpp">
      <Filter>MOC Files</Filter>
    </ClCompile>
    <ClCompile Include="moc_CreatePcrDlg.cpp">
      <Filter>MOC Files</Filter>
    </ClCompile>
    <ClCompile Include="moc_CreateSpecDlg.cpp">
      <Filter>MOC Files</Filter>
    </ClCompile>
    <ClCompile Include="moc_CreateSpecListDlg.cpp">
      <Filter>MOC Files</Filter>
    </ClCompile>
    <ClCompile Include="moc_CreateTmsDlg.cpp">
      <Filter>MOC Files</Filter>
    </ClCompile>
    <ClCompile Include="CreateJbpDlg.cpp">
      <Filter>Source Files</Filter>
    </ClCompile>
    <ClCompile Include="CreatePcrDlg.cpp">
      <Filter>Source Files</Filter>
    </ClCompile>
    <ClCompile Include="CreateSpecDlg.cpp">
      <Filter>Source Files</Filter>
    </ClCompile>
    <ClCompile Include="CreateSpecListDlg.cpp">
      <Filter>Source Files</Filter>
    </ClCompile>
    <ClCompile Include="CreateTmsDlg.cpp">
      <Filter>Source Files</Filter>
    </ClCompile>
    <ClCompile Include="CreateAccTpDlg.cpp">
      <Filter>Source Files</Filter>
    </ClCompile>
    <ClCompile Include="CreateCOADlg.cpp">
      <Filter>Source Files</Filter>
    </ClCompile>
    <ClCompile Include="CreateEtrDlg.cpp">
      <Filter>Source Files</Filter>
    </ClCompile>
    <ClCompile Include="CreateNetCDlg.cpp">
      <Filter>Source Files</Filter>
    </ClCompile>
    <ClCompile Include="CreatePPlanDlg.cpp">
      <Filter>Source Files</Filter>
    </ClCompile>
    <ClCompile Include="CreatePPlanListDlg.cpp">
      <Filter>Source Files</Filter>
    </ClCompile>
    <ClCompile Include="CreatePurDlg.cpp">
      <Filter>Source Files</Filter>
    </ClCompile>
    <ClCompile Include="CreateSplDlg.cpp">
      <Filter>Source Files</Filter>
    </ClCompile>
    <ClCompile Include="CreateSplListDlg.cpp">
      <Filter>Source Files</Filter>
    </ClCompile>
    <ClCompile Include="GenerateAccDlg.cpp">
      <Filter>Source Files</Filter>
    </ClCompile>
    <ClCompile Include="GenerateOneAccDlg.cpp">
      <Filter>Source Files</Filter>
    </ClCompile>
    <ClCompile Include="CreateAccDlg.cpp">
      <Filter>Source Files</Filter>
    </ClCompile>
    <ClCompile Include="moc_GenerateOneAccDlg.cpp">
      <Filter>MOC Files</Filter>
    </ClCompile>
    <ClCompile Include="moc_CreateAccDlg.cpp">
      <Filter>MOC Files</Filter>
    </ClCompile>
    <ClCompile Include="moc_CreateAccTpDlg.cpp">
      <Filter>MOC Files</Filter>
    </ClCompile>
    <ClCompile Include="moc_CreateCOADlg.cpp">
      <Filter>MOC Files</Filter>
    </ClCompile>
    <ClCompile Include="moc_CreateEtrDlg.cpp">
      <Filter>MOC Files</Filter>
    </ClCompile>
    <ClCompile Include="moc_CreateNetCDlg.cpp">
      <Filter>MOC Files</Filter>
    </ClCompile>
    <ClCompile Include="moc_CreatePPlanDlg.cpp">
      <Filter>MOC Files</Filter>
    </ClCompile>
    <ClCompile Include="moc_CreatePPlanListDlg.cpp">
      <Filter>MOC Files</Filter>
    </ClCompile>
    <ClCompile Include="moc_CreatePurDlg.cpp">
      <Filter>MOC Files</Filter>
    </ClCompile>
    <ClCompile Include="moc_CreateSplDlg.cpp">
      <Filter>MOC Files</Filter>
    </ClCompile>
    <ClCompile Include="moc_CreateSplListDlg.cpp">
      <Filter>MOC Files</Filter>
    </ClCompile>
    <ClCompile Include="moc_GenerateAccDlg.cpp">
      <Filter>MOC Files</Filter>
    </ClCompile>
    <ClCompile Include="CreateJbsDlg.cpp">
      <Filter>Source Files</Filter>
    </ClCompile>
    <ClCompile Include="moc_CreateEtrRtDlg.cpp">
      <Filter>MOC Files</Filter>
    </ClCompile>
    <ClCompile Include="CreateEtrRtDlg.cpp">
      <Filter>Source Files</Filter>
    </ClCompile>
    <ClCompile Include="moc_CreateCERDlg.cpp">
      <Filter>MOC Files</Filter>
    </ClCompile>
    <ClCompile Include="CreateCERDlg.cpp">
      <Filter>Source Files</Filter>
    </ClCompile>
    <ClCompile Include="moc_CreateCARDlg.cpp">
      <Filter>MOC Files</Filter>
    </ClCompile>
    <ClCompile Include="CreateCARDlg.cpp">
      <Filter>Source Files</Filter>
    </ClCompile>
    <ClCompile Include="CreateSAccDlg.cpp">
      <Filter>Source Files</Filter>
    </ClCompile>
    <ClCompile Include="moc_CreateSAccDlg.cpp">
      <Filter>MOC Files</Filter>
    </ClCompile>
    <ClCompile Include="CreateStsRuleDlg.cpp">
      <Filter>Source Files</Filter>
    </ClCompile>
    <ClCompile Include="moc_CreateStsRuleDlg.cpp">
      <Filter>MOC Files</Filter>
    </ClCompile>
    <ClCompile Include="moc_InfoForm.cpp">
      <Filter>MOC Files</Filter>
    </ClCompile>
    <ClCompile Include="InfoForm.cpp">
      <Filter>Source Files</Filter>
    </ClCompile>
    <ClCompile Include="moc_CreateProdConRListDlg.cpp">
      <Filter>MOC Files</Filter>
    </ClCompile>
    <ClCompile Include="moc_CreateProdConRDlg.cpp">
      <Filter>MOC Files</Filter>
    </ClCompile>
    <ClCompile Include="CreateProdConRDlg.cpp">
      <Filter>Source Files</Filter>
    </ClCompile>
    <ClCompile Include="CreateProdConRListDlg.cpp">
      <Filter>Source Files</Filter>
    </ClCompile>
    <ClCompile Include="ReworkRawDlg.cpp">
      <Filter>Source Files</Filter>
    </ClCompile>
    <ClCompile Include="moc_ReworkRawDlg.cpp">
      <Filter>MOC Files</Filter>
    </ClCompile>
    <ClCompile Include="CloseOfMonthDlg.cpp">
      <Filter>Source Files</Filter>
    </ClCompile>
    <ClCompile Include="CloseOfMonthInfoDlg.cpp">
      <Filter>Source Files</Filter>
    </ClCompile>
    <ClCompile Include="CreateTaxDlg.cpp">
      <Filter>Source Files</Filter>
    </ClCompile>
    <ClCompile Include="moc_CreateTaxDlg.cpp">
      <Filter>MOC Files</Filter>
    </ClCompile>
    <ClCompile Include="moc_CloseOfMonthDlg.cpp">
      <Filter>MOC Files</Filter>
    </ClCompile>
    <ClCompile Include="moc_CloseOfMonthinfoDlg.cpp">
      <Filter>MOC Files</Filter>
    </ClCompile>
    <ClCompile Include="DocForm.cpp">
      <Filter>Source Files</Filter>
    </ClCompile>
    <ClCompile Include="moc_DocForm.cpp">
      <Filter>MOC Files</Filter>
    </ClCompile>
    <ClCompile Include="moc_GenerateFinRepDlg.cpp">
      <Filter>MOC Files</Filter>
    </ClCompile>
    <ClCompile Include="GenerateFinRepDlg.cpp">
      <Filter>Source Files</Filter>
    </ClCompile>
    <ClCompile Include="moc_GenerateCmpBlcDlg.cpp">
      <Filter>MOC Files</Filter>
    </ClCompile>
    <ClCompile Include="GenerateCmpBlcDlg.cpp">
      <Filter>Source Files</Filter>
    </ClCompile>
    <ClCompile Include="TinyXML\tinystr.cpp">
      <Filter>Source Files\TinyXML</Filter>
    </ClCompile>
    <ClCompile Include="TinyXML\tinyxml.cpp">
      <Filter>Source Files\TinyXML</Filter>
    </ClCompile>
    <ClCompile Include="TinyXML\tinyxmlerror.cpp">
      <Filter>Source Files\TinyXML</Filter>
    </ClCompile>
    <ClCompile Include="TinyXML\tinyxmlparser.cpp">
      <Filter>Source Files\TinyXML</Filter>
    </ClCompile>
    <ClCompile Include="ConfigParser.cpp">
      <Filter>Source Files</Filter>
    </ClCompile>
    <ClCompile Include="moc_CreateDivDlg.cpp">
      <Filter>MOC Files</Filter>
    </ClCompile>
    <ClCompile Include="CreateDivDlg.cpp">
      <Filter>Source Files</Filter>
    </ClCompile>
    <ClCompile Include="moc_CashBookListDlg.cpp">
      <Filter>MOC Files</Filter>
    </ClCompile>
    <ClCompile Include="moc_CashInfoDlg.cpp">
      <Filter>MOC Files</Filter>
    </ClCompile>
    <ClCompile Include="CashBookListDlg.cpp">
      <Filter>Source Files</Filter>
    </ClCompile>
    <ClCompile Include="CashInfoDlg.cpp">
      <Filter>Source Files</Filter>
    </ClCompile>
    <ClCompile Include="moc_GenerateProfRepDlg.cpp">
      <Filter>MOC Files</Filter>
    </ClCompile>
    <ClCompile Include="moc_GenerateSalesRepDlg.cpp">
      <Filter>MOC Files</Filter>
    </ClCompile>
    <ClCompile Include="moc_GenerateSpecRepDlg.cpp">
      <Filter>MOC Files</Filter>
    </ClCompile>
    <ClCompile Include="GenerateSpecRepDlg.cpp">
      <Filter>Source Files</Filter>
    </ClCompile>
    <ClCompile Include="GenerateProfRepDlg.cpp">
      <Filter>Source Files</Filter>
    </ClCompile>
    <ClCompile Include="GenerateSalesRepDlg.cpp">
      <Filter>Source Files</Filter>
    </ClCompile>
    <ClCompile Include="moc_GenerateAccRepDlg.cpp">
      <Filter>MOC Files</Filter>
    </ClCompile>
    <ClCompile Include="GenerateAccRepDlg.cpp">
      <Filter>Source Files</Filter>
    </ClCompile>
    <ClCompile Include="moc_CreateCASHERDlg.cpp">
      <Filter>MOC Files</Filter>
    </ClCompile>
    <ClCompile Include="moc_CreateWERDlg.cpp">
      <Filter>MOC Files</Filter>
    </ClCompile>
    <ClCompile Include="moc_CreateWrhDlg.cpp">
      <Filter>MOC Files</Filter>
    </ClCompile>
    <ClCompile Include="moc_CreateWrhTpDlg.cpp">
      <Filter>MOC Files</Filter>
    </ClCompile>
    <ClCompile Include="moc_CreateBrhDlg.cpp">
      <Filter>MOC Files</Filter>
    </ClCompile>
    <ClCompile Include="moc_CreateCbxDlg.cpp">
      <Filter>MOC Files</Filter>
    </ClCompile>
    <ClCompile Include="CreateBrhDlg.cpp">
      <Filter>Source Files</Filter>
    </ClCompile>
    <ClCompile Include="CreateCbxDlg.cpp">
      <Filter>Source Files</Filter>
    </ClCompile>
    <ClCompile Include="CreateCASHERDlg.cpp">
      <Filter>Source Files</Filter>
    </ClCompile>
    <ClCompile Include="CreateWrhDlg.cpp">
      <Filter>Source Files</Filter>
    </ClCompile>
    <ClCompile Include="CreateWrhTpDlg.cpp">
      <Filter>Source Files</Filter>
    </ClCompile>
    <ClCompile Include="CreateWERDlg.cpp">
      <Filter>Source Files</Filter>
    </ClCompile>
    <ClCompile Include="moc_SearchDlg.cpp">
      <Filter>MOC Files</Filter>
    </ClCompile>
    <ClCompile Include="SearchDlg.cpp">
      <Filter>Source Files</Filter>
    </ClCompile>
    <ClCompile Include="moc_CreateAcctbDlg.cpp">
      <Filter>MOC Files</Filter>
    </ClCompile>
    <ClCompile Include="moc_CreateBrwDlg.cpp">
      <Filter>MOC Files</Filter>
    </ClCompile>
    <ClCompile Include="moc_CreateCrdDlg.cpp">
      <Filter>MOC Files</Filter>
    </ClCompile>
    <ClCompile Include="moc_CreateEmpPrdDlg.cpp">
      <Filter>MOC Files</Filter>
    </ClCompile>
    <ClCompile Include="moc_CreatePrdBrnDlg.cpp">
      <Filter>MOC Files</Filter>
    </ClCompile>
    <ClCompile Include="moc_CreateShrDlg.cpp">
      <Filter>MOC Files</Filter>
    </ClCompile>
    <ClCompile Include="CreateAcctbDlg.cpp">
      <Filter>Source Files</Filter>
    </ClCompile>
    <ClCompile Include="CreateShrDlg.cpp">
      <Filter>Source Files</Filter>
    </ClCompile>
    <ClCompile Include="CreateBrwDlg.cpp">
      <Filter>Source Files</Filter>
    </ClCompile>
    <ClCompile Include="CreateCrdDlg.cpp">
      <Filter>Source Files</Filter>
    </ClCompile>
    <ClCompile Include="CreateEmpPrdDlg.cpp">
      <Filter>Source Files</Filter>
    </ClCompile>
    <ClCompile Include="CreatePrdBrnDlg.cpp">
      <Filter>Source Files</Filter>
    </ClCompile>
    <ClCompile Include="moc_CreateStockTrDlg.cpp">
      <Filter>MOC Files</Filter>
    </ClCompile>
    <ClCompile Include="moc_CreateStockTrListDlg.cpp">
      <Filter>MOC Files</Filter>
    </ClCompile>
    <ClCompile Include="CreateStockTrDlg.cpp">
      <Filter>Source Files</Filter>
    </ClCompile>
    <ClCompile Include="CreateStockTrListDlg.cpp">
      <Filter>Source Files</Filter>
    </ClCompile>
    <ClCompile Include="SearchBox.cpp">
      <Filter>Source Files</Filter>
    </ClCompile>
    <ClCompile Include="ProductSuggest.cpp">
      <Filter>Source Files</Filter>
    </ClCompile>
    <ClCompile Include="moc_ProductSuggest.cpp">
      <Filter>MOC Files</Filter>
    </ClCompile>
    <ClCompile Include="moc_SearchBox.cpp">
      <Filter>MOC Files</Filter>
    </ClCompile>
    <ClCompile Include="moc_GenerateWTBSDlg.cpp">
      <Filter>MOC Files</Filter>
    </ClCompile>
    <ClCompile Include="GenerateWTBSDlg.cpp">
      <Filter>Source Files</Filter>
    </ClCompile>
    <ClCompile Include="moc_ReportForm.cpp">
      <Filter>MOC Files</Filter>
    </ClCompile>
    <ClCompile Include="ReportForm.cpp">
      <Filter>Source Files</Filter>
    </ClCompile>
    <ClCompile Include="moc_CreateAmGrDlg.cpp">
      <Filter>MOC Files</Filter>
    </ClCompile>
    <ClCompile Include="moc_CreateAmTypeDlg.cpp">
      <Filter>MOC Files</Filter>
    </ClCompile>
    <ClCompile Include="moc_CreateFxdAstDlg.cpp">
      <Filter>MOC Files</Filter>
    </ClCompile>
    <ClCompile Include="moc_CreateInveDlg.cpp">
      <Filter>MOC Files</Filter>
    </ClCompile>
    <ClCompile Include="CreateAmGrDlg.cpp">
      <Filter>Source Files</Filter>
    </ClCompile>
    <ClCompile Include="CreateAmTypeDlg.cpp">
      <Filter>Source Files</Filter>
    </ClCompile>
    <ClCompile Include="CreateFxdAstDlg.cpp">
      <Filter>Source Files</Filter>
    </ClCompile>
    <ClCompile Include="CreateInveDlg.cpp">
      <Filter>Source Files</Filter>
    </ClCompile>
    <ClCompile Include="CreateFxdAstOperDlg.cpp">
      <Filter>Source Files</Filter>
    </ClCompile>
    <ClCompile Include="moc_CreateFxdAstOperDlg.cpp">
      <Filter>MOC Files</Filter>
    </ClCompile>
    <ClCompile Include="CreateDivAccDlg.cpp">
      <Filter>Source Files</Filter>
    </ClCompile>
    <ClCompile Include="moc_CreateDivAccDlg.cpp">
      <Filter>MOC Files</Filter>
    </ClCompile>
    <ClCompile Include="moc_CreateLowValStockDlg.cpp">
      <Filter>MOC Files</Filter>
    </ClCompile>
    <ClCompile Include="moc_CreateConothStDlg.cpp">
      <Filter>MOC Files</Filter>
    </ClCompile>
    <ClCompile Include="moc_CreateConOthStListDlg.cpp">
      <Filter>MOC Files</Filter>
    </ClCompile>
    <ClCompile Include="moc_CreateOthStDlg.cpp">
      <Filter>MOC Files</Filter>
    </ClCompile>
    <ClCompile Include="moc_CreateRcpOthStDlg.cpp">
      <Filter>MOC Files</Filter>
    </ClCompile>
    <ClCompile Include="moc_CreateRcpOthStListDlg.cpp">
      <Filter>MOC Files</Filter>
    </ClCompile>
    <ClCompile Include="CreateConOthStDlg.cpp">
      <Filter>Source Files</Filter>
    </ClCompile>
    <ClCompile Include="CreateLowValStockDlg.cpp">
      <Filter>Source Files</Filter>
    </ClCompile>
    <ClCompile Include="CreateRcpOthStDlg.cpp">
      <Filter>Source Files</Filter>
    </ClCompile>
    <ClCompile Include="CreateRcpOthStListDlg.cpp">
      <Filter>Source Files</Filter>
    </ClCompile>
    <ClCompile Include="CreateConOthStListDlg.cpp">
      <Filter>Source Files</Filter>
    </ClCompile>
    <ClCompile Include="CreateOthStDlg.cpp">
      <Filter>Source Files</Filter>
    </ClCompile>
    <ClCompile Include="moc_CreateOthSTypeDlg.cpp">
      <Filter>MOC Files</Filter>
    </ClCompile>
    <ClCompile Include="CreateOthSTypeDlg.cpp">
      <Filter>Source Files</Filter>
    </ClCompile>
    <ClCompile Include="CreateGrpDlg.cpp">
      <Filter>Source Files</Filter>
    </ClCompile>
    <ClCompile Include="CreateSAccLmDlg.cpp">
      <Filter>Source Files</Filter>
    </ClCompile>
    <ClCompile Include="CreateUserGrDlg.cpp">
      <Filter>Source Files</Filter>
    </ClCompile>
    <ClCompile Include="CreateStockLmDlg.cpp">
      <Filter>Source Files</Filter>
    </ClCompile>
    <ClCompile Include="moc_CreateUserGrDlg.cpp">
      <Filter>MOC Files</Filter>
    </ClCompile>
    <ClCompile Include="moc_CreateGrpDlg.cpp">
      <Filter>MOC Files</Filter>
    </ClCompile>
    <ClCompile Include="moc_CreateSAccLmDlg.cpp">
      <Filter>MOC Files</Filter>
    </ClCompile>
    <ClCompile Include="moc_CreateStockLmDlg.cpp">
      <Filter>MOC Files</Filter>
    </ClCompile>
    <ClCompile Include="GenerateDailySalesRepDlg.cpp">
      <Filter>Source Files</Filter>
    </ClCompile>
    <ClCompile Include="moc_GenerateDailySalesRepDlg.cpp">
      <Filter>MOC Files</Filter>
    </ClCompile>
    <ClCompile Include="CreateAccblRepDlg.cpp">
      <Filter>Source Files</Filter>
    </ClCompile>
    <ClCompile Include="moc_CreateAccblRepDlg.cpp">
      <Filter>MOC Files</Filter>
    </ClCompile>
    <ClCompile Include="CreateAccblEtrDlg.cpp">
      <Filter>Source Files</Filter>
    </ClCompile>
    <ClCompile Include="CreateAccblExpDlg.cpp">
      <Filter>Source Files</Filter>
    </ClCompile>
    <ClCompile Include="moc_CreateAccblEtrDlg.cpp">
      <Filter>MOC Files</Filter>
    </ClCompile>
    <ClCompile Include="moc_CreateAccblExpDlg.cpp">
      <Filter>MOC Files</Filter>
    </ClCompile>
    <ClCompile Include="CreateBrSAccDlg.cpp">
      <Filter>Source Files</Filter>
    </ClCompile>
    <ClCompile Include="moc_CreateBrSAccDlg.cpp">
      <Filter>MOC Files</Filter>
    </ClCompile>
    <ClCompile Include="GenerateAgentRepDlg.cpp">
      <Filter>Source Files</Filter>
    </ClCompile>
    <ClCompile Include="GenerateComRepDlg.cpp">
      <Filter>Source Files</Filter>
    </ClCompile>
    <ClCompile Include="moc_GenerateComRepDlg.cpp">
      <Filter>MOC Files</Filter>
    </ClCompile>
    <ClCompile Include="moc_GenerateAgentRepDlg.cpp">
      <Filter>MOC Files</Filter>
    </ClCompile>
    <ClCompile Include="moc_GenerateFxAstRepDlg.cpp">
      <Filter>MOC Files</Filter>
    </ClCompile>
    <ClCompile Include="GenerateFxAstRepDlg.cpp">
      <Filter>Source Files</Filter>
    </ClCompile>
    <ClCompile Include="GenerateWrRepDlg.cpp">
      <Filter>Source Files</Filter>
    </ClCompile>
    <ClCompile Include="moc_GenerateWrRepDlg.cpp">
      <Filter>MOC Files</Filter>
    </ClCompile>
  </ItemGroup>
  <ItemGroup>
    <CustomBuild Include="MainForm.ui">
      <Filter>User Interface</Filter>
    </CustomBuild>
    <CustomBuild Include="LoginForm.ui">
      <Filter>User Interface</Filter>
    </CustomBuild>
    <CustomBuild Include="DataForm.ui">
      <Filter>User Interface</Filter>
    </CustomBuild>
    <CustomBuild Include="MainForm.h">
      <Filter>Header Files</Filter>
    </CustomBuild>
    <CustomBuild Include="LoginForm.h">
      <Filter>Header Files</Filter>
    </CustomBuild>
    <CustomBuild Include="DataForm.h">
      <Filter>Header Files</Filter>
    </CustomBuild>
    <CustomBuild Include="CreateCmpDlg.ui">
      <Filter>User Interface</Filter>
    </CustomBuild>
    <CustomBuild Include="CreateCmpDlg.h">
      <Filter>Header Files</Filter>
    </CustomBuild>
    <CustomBuild Include="CreateCurDlg.ui">
      <Filter>User Interface</Filter>
    </CustomBuild>
    <CustomBuild Include="CreateMsrDlg.ui">
      <Filter>User Interface</Filter>
    </CustomBuild>
    <CustomBuild Include="CreatePrdTpDlg.ui">
      <Filter>User Interface</Filter>
    </CustomBuild>
    <CustomBuild Include="CreateRoleDlg.ui">
      <Filter>User Interface</Filter>
    </CustomBuild>
    <CustomBuild Include="CreateStsDlg.ui">
      <Filter>User Interface</Filter>
    </CustomBuild>
    <CustomBuild Include="CreateCurDlg.h">
      <Filter>Header Files</Filter>
    </CustomBuild>
    <CustomBuild Include="CreateMsrDlg.h">
      <Filter>Header Files</Filter>
    </CustomBuild>
    <CustomBuild Include="CreatePrdTpDlg.h">
      <Filter>Header Files</Filter>
    </CustomBuild>
    <CustomBuild Include="CreateRoleDlg.h">
      <Filter>Header Files</Filter>
    </CustomBuild>
    <CustomBuild Include="CreateStsDlg.h">
      <Filter>Header Files</Filter>
    </CustomBuild>
    <CustomBuild Include="CreateLcnDlg.h">
      <Filter>Header Files</Filter>
    </CustomBuild>
    <CustomBuild Include="CreateLcnDlg.ui">
      <Filter>User Interface</Filter>
    </CustomBuild>
    <CustomBuild Include="CreateUserDlg.ui">
      <Filter>User Interface</Filter>
    </CustomBuild>
    <CustomBuild Include="CreateUserDlg.h">
      <Filter>Header Files</Filter>
    </CustomBuild>
    <CustomBuild Include="CreateProdDlg.ui">
      <Filter>User Interface</Filter>
    </CustomBuild>
    <CustomBuild Include="CreateProdDlg.h">
      <Filter>Header Files</Filter>
    </CustomBuild>
    <CustomBuild Include="CreateProdnDlg.ui">
      <Filter>User Interface</Filter>
    </CustomBuild>
    <CustomBuild Include="CreateProdnDlg.h">
      <Filter>Header Files</Filter>
    </CustomBuild>
    <CustomBuild Include="CreateOrdDlg.ui">
      <Filter>User Interface</Filter>
    </CustomBuild>
    <CustomBuild Include="CreateRtrnDlg.ui">
      <Filter>User Interface</Filter>
    </CustomBuild>
    <CustomBuild Include="CreateOrdDlg.h">
      <Filter>Header Files</Filter>
    </CustomBuild>
    <CustomBuild Include="CreateRtrnDlg.h">
      <Filter>Header Files</Filter>
    </CustomBuild>
    <CustomBuild Include="CreateAcsDlg.ui">
      <Filter>User Interface</Filter>
    </CustomBuild>
    <CustomBuild Include="CreateAcsItemDlg.ui">
      <Filter>User Interface</Filter>
    </CustomBuild>
    <CustomBuild Include="CreateBlcDlg.ui">
      <Filter>User Interface</Filter>
    </CustomBuild>
    <CustomBuild Include="CreateCltDlg.ui">
      <Filter>User Interface</Filter>
    </CustomBuild>
    <CustomBuild Include="CreateEmpDlg.ui">
      <Filter>User Interface</Filter>
    </CustomBuild>
    <CustomBuild Include="CreateOrdListDlg.ui">
      <Filter>User Interface</Filter>
    </CustomBuild>
    <CustomBuild Include="CreatePhtDlg.ui">
      <Filter>User Interface</Filter>
    </CustomBuild>
    <CustomBuild Include="CreatePmtDlg.ui">
      <Filter>User Interface</Filter>
    </CustomBuild>
    <CustomBuild Include="CreatePosDlg.ui">
      <Filter>User Interface</Filter>
    </CustomBuild>
    <CustomBuild Include="CreatePrcDlg.ui">
      <Filter>User Interface</Filter>
    </CustomBuild>
    <CustomBuild Include="CreatePrdnListDlg.ui">
      <Filter>User Interface</Filter>
    </CustomBuild>
    <CustomBuild Include="CreateRelDlg.ui">
      <Filter>User Interface</Filter>
    </CustomBuild>
    <CustomBuild Include="CreateRelTypeDlg.ui">
      <Filter>User Interface</Filter>
    </CustomBuild>
    <CustomBuild Include="CreateRtrnListDlg.ui">
      <Filter>User Interface</Filter>
    </CustomBuild>
    <CustomBuild Include="CreateSlrDlg.ui">
      <Filter>User Interface</Filter>
    </CustomBuild>
    <CustomBuild Include="CreateSlrTypeDlg.ui">
      <Filter>User Interface</Filter>
    </CustomBuild>
    <CustomBuild Include="CreateAcsDlg.h">
      <Filter>Header Files</Filter>
    </CustomBuild>
    <CustomBuild Include="CreateAcsItemDlg.h">
      <Filter>Header Files</Filter>
    </CustomBuild>
    <CustomBuild Include="CreateBlcDlg.h">
      <Filter>Header Files</Filter>
    </CustomBuild>
    <CustomBuild Include="CreateCltDlg.h">
      <Filter>Header Files</Filter>
    </CustomBuild>
    <CustomBuild Include="CreateEmpDlg.h">
      <Filter>Header Files</Filter>
    </CustomBuild>
    <CustomBuild Include="CreateOrdListDlg.h">
      <Filter>Header Files</Filter>
    </CustomBuild>
    <CustomBuild Include="CreatePhtDlg.h">
      <Filter>Header Files</Filter>
    </CustomBuild>
    <CustomBuild Include="CreatePmtDlg.h">
      <Filter>Header Files</Filter>
    </CustomBuild>
    <CustomBuild Include="CreatePosDlg.h">
      <Filter>Header Files</Filter>
    </CustomBuild>
    <CustomBuild Include="CreatePrcDlg.h">
      <Filter>Header Files</Filter>
    </CustomBuild>
    <CustomBuild Include="CreateProdnListDlg.h">
      <Filter>Header Files</Filter>
    </CustomBuild>
    <CustomBuild Include="CreateRelDlg.h">
      <Filter>Header Files</Filter>
    </CustomBuild>
    <CustomBuild Include="CreateRelTypeDlg.h">
      <Filter>Header Files</Filter>
    </CustomBuild>
    <CustomBuild Include="CreateRtrnListDlg.h">
      <Filter>Header Files</Filter>
    </CustomBuild>
    <CustomBuild Include="CreateSlrDlg.h">
      <Filter>Header Files</Filter>
    </CustomBuild>
    <CustomBuild Include="CreateSlrTypeDlg.h">
      <Filter>Header Files</Filter>
    </CustomBuild>
    <CustomBuild Include="CreateWOffDlg.ui">
      <Filter>User Interface</Filter>
    </CustomBuild>
    <CustomBuild Include="CreateWOffListDlg.ui">
      <Filter>User Interface</Filter>
    </CustomBuild>
    <CustomBuild Include="CreateWOffDlg.h">
      <Filter>Header Files</Filter>
    </CustomBuild>
    <CustomBuild Include="CreateWOffListDlg.h">
      <Filter>Header Files</Filter>
    </CustomBuild>
    <CustomBuild Include="CreateWdwDlg.ui">
      <Filter>User Interface</Filter>
    </CustomBuild>
    <CustomBuild Include="CreateWdwDlg.h">
      <Filter>Header Files</Filter>
    </CustomBuild>
    <CustomBuild Include="ClcWagesDlg.ui">
      <Filter>User Interface</Filter>
    </CustomBuild>
    <CustomBuild Include="ClcWagesDlg.h">
      <Filter>Header Files</Filter>
    </CustomBuild>
    <CustomBuild Include="CreatePspDlg.ui">
      <Filter>User Interface</Filter>
    </CustomBuild>
    <CustomBuild Include="CreateRfdDlg.ui">
      <Filter>User Interface</Filter>
    </CustomBuild>
    <CustomBuild Include="CreatePspDlg.h">
      <Filter>Header Files</Filter>
    </CustomBuild>
    <CustomBuild Include="CreateRfdDlg.h">
      <Filter>Header Files</Filter>
    </CustomBuild>
    <CustomBuild Include="..\Resource\OrmasResource.qrc">
      <Filter>Resource Files</Filter>
    </CustomBuild>
    <CustomBuild Include="CreateConPDlg.ui">
      <Filter>User Interface</Filter>
    </CustomBuild>
    <CustomBuild Include="CreateConPListDlg.ui">
      <Filter>User Interface</Filter>
    </CustomBuild>
    <CustomBuild Include="CreateConRDlg.ui">
      <Filter>User Interface</Filter>
    </CustomBuild>
    <CustomBuild Include="CreateConRListDlg.ui">
      <Filter>User Interface</Filter>
    </CustomBuild>
    <CustomBuild Include="CreateInvDlg.ui">
      <Filter>User Interface</Filter>
    </CustomBuild>
    <CustomBuild Include="CreateInvListDlg.ui">
      <Filter>User Interface</Filter>
    </CustomBuild>
    <CustomBuild Include="CreateOrdRDlg.ui">
      <Filter>User Interface</Filter>
    </CustomBuild>
    <CustomBuild Include="CreateOrdRListDlg.ui">
      <Filter>User Interface</Filter>
    </CustomBuild>
    <CustomBuild Include="CreateRcpPDlg.ui">
      <Filter>User Interface</Filter>
    </CustomBuild>
    <CustomBuild Include="CreateRcpPListDlg.ui">
      <Filter>User Interface</Filter>
    </CustomBuild>
    <CustomBuild Include="CreateStockDlg.ui">
      <Filter>User Interface</Filter>
    </CustomBuild>
    <CustomBuild Include="CreateTrsDlg.ui">
      <Filter>User Interface</Filter>
    </CustomBuild>
    <CustomBuild Include="CreateTrsListDlg.ui">
      <Filter>User Interface</Filter>
    </CustomBuild>
    <CustomBuild Include="CreateConPDlg.h">
      <Filter>Header Files</Filter>
    </CustomBuild>
    <CustomBuild Include="CreateConPListDlg.h">
      <Filter>Header Files</Filter>
    </CustomBuild>
    <CustomBuild Include="CreateConRDlg.h">
      <Filter>Header Files</Filter>
    </CustomBuild>
    <CustomBuild Include="CreateConRListDlg.h">
      <Filter>Header Files</Filter>
    </CustomBuild>
    <CustomBuild Include="CreateInvDlg.h">
      <Filter>Header Files</Filter>
    </CustomBuild>
    <CustomBuild Include="CreateInvListDlg.h">
      <Filter>Header Files</Filter>
    </CustomBuild>
    <CustomBuild Include="CreateOrdRDlg.h">
      <Filter>Header Files</Filter>
    </CustomBuild>
    <CustomBuild Include="CreateOrdRListDlg.h">
      <Filter>Header Files</Filter>
    </CustomBuild>
    <CustomBuild Include="CreateRcpPDlg.h">
      <Filter>Header Files</Filter>
    </CustomBuild>
    <CustomBuild Include="CreateRcpPListDlg.h">
      <Filter>Header Files</Filter>
    </CustomBuild>
    <CustomBuild Include="CreateStockDlg.h">
      <Filter>Header Files</Filter>
    </CustomBuild>
    <CustomBuild Include="CreateTrsDlg.h">
      <Filter>Header Files</Filter>
    </CustomBuild>
    <CustomBuild Include="CreateTrsListDlg.h">
      <Filter>Header Files</Filter>
    </CustomBuild>
    <CustomBuild Include="CreateWOffRDlg.h">
      <Filter>Header Files</Filter>
    </CustomBuild>
    <CustomBuild Include="CreateWOffRListDlg.h">
      <Filter>Header Files</Filter>
    </CustomBuild>
    <CustomBuild Include="CreateWOffRDlg.ui">
      <Filter>User Interface</Filter>
    </CustomBuild>
    <CustomBuild Include="CreateWOffRListDlg.ui">
      <Filter>User Interface</Filter>
    </CustomBuild>
    <CustomBuild Include="CreateJbpDlg.ui">
      <Filter>User Interface</Filter>
    </CustomBuild>
    <CustomBuild Include="CreateJbsDlg.ui">
      <Filter>User Interface</Filter>
    </CustomBuild>
    <CustomBuild Include="CreatePcrDlg.ui">
      <Filter>User Interface</Filter>
    </CustomBuild>
    <CustomBuild Include="CreateSpecDlg.ui">
      <Filter>User Interface</Filter>
    </CustomBuild>
    <CustomBuild Include="CreateSpecListDlg.ui">
      <Filter>User Interface</Filter>
    </CustomBuild>
    <CustomBuild Include="CreateTmsDlg.ui">
      <Filter>User Interface</Filter>
    </CustomBuild>
    <CustomBuild Include="CreateJbpDlg.h">
      <Filter>Header Files</Filter>
    </CustomBuild>
    <CustomBuild Include="CreateJbsDlg.h">
      <Filter>Header Files</Filter>
    </CustomBuild>
    <CustomBuild Include="CreatePcrDlg.h">
      <Filter>Header Files</Filter>
    </CustomBuild>
    <CustomBuild Include="CreateSpecDlg.h">
      <Filter>Header Files</Filter>
    </CustomBuild>
    <CustomBuild Include="CreateSpecListDlg.h">
      <Filter>Header Files</Filter>
    </CustomBuild>
    <CustomBuild Include="CreateTmsDlg.h">
      <Filter>Header Files</Filter>
    </CustomBuild>
    <CustomBuild Include="CreateAccDlg.ui">
      <Filter>User Interface</Filter>
    </CustomBuild>
    <CustomBuild Include="CreateAccTpDlg.ui">
      <Filter>User Interface</Filter>
    </CustomBuild>
    <CustomBuild Include="CreateCOADlg.ui">
      <Filter>User Interface</Filter>
    </CustomBuild>
    <CustomBuild Include="CreateEtrDlg.ui">
      <Filter>User Interface</Filter>
    </CustomBuild>
    <CustomBuild Include="CreateNetCDlg.ui">
      <Filter>User Interface</Filter>
    </CustomBuild>
    <CustomBuild Include="CreatePPlanDlg.ui">
      <Filter>User Interface</Filter>
    </CustomBuild>
    <CustomBuild Include="CreatePPlanListDlg.ui">
      <Filter>User Interface</Filter>
    </CustomBuild>
    <CustomBuild Include="CreatePurDlg.ui">
      <Filter>User Interface</Filter>
    </CustomBuild>
    <CustomBuild Include="CreateSplDlg.ui">
      <Filter>User Interface</Filter>
    </CustomBuild>
    <CustomBuild Include="CreateSplListDlg.ui">
      <Filter>User Interface</Filter>
    </CustomBuild>
    <CustomBuild Include="GenerateAccDlg.ui">
      <Filter>User Interface</Filter>
    </CustomBuild>
    <CustomBuild Include="GenerateOneAccDlg.ui">
      <Filter>User Interface</Filter>
    </CustomBuild>
    <CustomBuild Include="CreateAccDlg.h">
      <Filter>Header Files</Filter>
    </CustomBuild>
    <CustomBuild Include="CreateAccTpDlg.h">
      <Filter>Header Files</Filter>
    </CustomBuild>
    <CustomBuild Include="CreateCOADlg.h">
      <Filter>Header Files</Filter>
    </CustomBuild>
    <CustomBuild Include="CreateEtrDlg.h">
      <Filter>Header Files</Filter>
    </CustomBuild>
    <CustomBuild Include="CreateNetCDlg.h">
      <Filter>Header Files</Filter>
    </CustomBuild>
    <CustomBuild Include="CreatePPlanDlg.h">
      <Filter>Header Files</Filter>
    </CustomBuild>
    <CustomBuild Include="CreatePPlanListDlg.h">
      <Filter>Header Files</Filter>
    </CustomBuild>
    <CustomBuild Include="CreatePurDlg.h">
      <Filter>Header Files</Filter>
    </CustomBuild>
    <CustomBuild Include="CreateSplDlg.h">
      <Filter>Header Files</Filter>
    </CustomBuild>
    <CustomBuild Include="CreateSplListDlg.h">
      <Filter>Header Files</Filter>
    </CustomBuild>
    <CustomBuild Include="GenerateAccDlg.h">
      <Filter>Header Files</Filter>
    </CustomBuild>
    <CustomBuild Include="GenerateOneAccDlg.h">
      <Filter>Header Files</Filter>
    </CustomBuild>
    <CustomBuild Include="CreateEtrRtDlg.ui">
      <Filter>User Interface</Filter>
    </CustomBuild>
    <CustomBuild Include="CreateEtrRtDlg.h">
      <Filter>Header Files</Filter>
    </CustomBuild>
    <CustomBuild Include="CreateCERDlg.ui">
      <Filter>User Interface</Filter>
    </CustomBuild>
    <CustomBuild Include="CreateCERDlg.h">
      <Filter>Header Files</Filter>
    </CustomBuild>
    <CustomBuild Include="CreateCARDlg.ui">
      <Filter>User Interface</Filter>
    </CustomBuild>
    <CustomBuild Include="CreateCARDlg.h">
      <Filter>Header Files</Filter>
    </CustomBuild>
    <CustomBuild Include="CreateSAccDlg.ui">
      <Filter>User Interface</Filter>
    </CustomBuild>
    <CustomBuild Include="CreateSAccDlg.h">
      <Filter>Header Files</Filter>
    </CustomBuild>
    <CustomBuild Include="CreateProdnStockDlg.ui">
      <Filter>User Interface</Filter>
    </CustomBuild>
    <CustomBuild Include="CreateStsRuleDlg.ui">
      <Filter>User Interface</Filter>
    </CustomBuild>
    <CustomBuild Include="CreateStsRuleDlg.h">
      <Filter>Header Files</Filter>
    </CustomBuild>
    <CustomBuild Include="InfoForm.ui">
      <Filter>User Interface</Filter>
    </CustomBuild>
    <CustomBuild Include="InfoForm.h">
      <Filter>Header Files</Filter>
    </CustomBuild>
    <CustomBuild Include="CreateProdConRDlg.ui">
      <Filter>User Interface</Filter>
    </CustomBuild>
    <CustomBuild Include="CreateProdConRListDlg.ui">
      <Filter>User Interface</Filter>
    </CustomBuild>
    <CustomBuild Include="CreateProdConRListDlg.h">
      <Filter>Header Files</Filter>
    </CustomBuild>
    <CustomBuild Include="CreateProdConRDlg.h">
      <Filter>Header Files</Filter>
    </CustomBuild>
    <CustomBuild Include="ReworkRawDlg.h">
      <Filter>Header Files</Filter>
    </CustomBuild>
    <CustomBuild Include="ReworkRawDlg.ui">
      <Filter>User Interface</Filter>
    </CustomBuild>
    <CustomBuild Include="CreateTaxDlg.ui">
      <Filter>User Interface</Filter>
    </CustomBuild>
    <CustomBuild Include="CloseOfMonthDlg.ui">
      <Filter>User Interface</Filter>
    </CustomBuild>
    <CustomBuild Include="CloseOfMonthInfoDlg.ui">
      <Filter>User Interface</Filter>
    </CustomBuild>
    <CustomBuild Include="CloseOfMonthDlg.h">
      <Filter>Header Files</Filter>
    </CustomBuild>
    <CustomBuild Include="CloseOfMonthInfoDlg.h">
      <Filter>Header Files</Filter>
    </CustomBuild>
    <CustomBuild Include="CreateTaxDlg.h">
      <Filter>Header Files</Filter>
    </CustomBuild>
    <CustomBuild Include="DocForm.ui">
      <Filter>User Interface</Filter>
    </CustomBuild>
    <CustomBuild Include="GenerateFinRepDlg.ui">
      <Filter>User Interface</Filter>
    </CustomBuild>
    <CustomBuild Include="GenerateFinRepDlg.h">
      <Filter>Header Files</Filter>
    </CustomBuild>
    <CustomBuild Include="DocForm.h">
      <Filter>Header Files</Filter>
    </CustomBuild>
    <CustomBuild Include="GenerateCmpBlcDlg.ui">
      <Filter>User Interface</Filter>
    </CustomBuild>
    <CustomBuild Include="GenerateCmpBlcDlg.h">
      <Filter>Header Files</Filter>
    </CustomBuild>
    <CustomBuild Include="CreateDivDlg.ui">
      <Filter>User Interface</Filter>
    </CustomBuild>
    <CustomBuild Include="CreateDivDlg.h">
      <Filter>Header Files</Filter>
    </CustomBuild>
    <CustomBuild Include="CashBookListDlg.ui">
      <Filter>User Interface</Filter>
    </CustomBuild>
    <CustomBuild Include="CashInfoDlg.ui">
      <Filter>User Interface</Filter>
    </CustomBuild>
    <CustomBuild Include="CashBookListDlg.h">
      <Filter>Header Files</Filter>
    </CustomBuild>
    <CustomBuild Include="CashInfoDlg.h">
      <Filter>Header Files</Filter>
    </CustomBuild>
    <CustomBuild Include="GenerateProfRepDlg.ui">
      <Filter>User Interface</Filter>
    </CustomBuild>
    <CustomBuild Include="GenerateSalesRepDlg.ui">
      <Filter>User Interface</Filter>
    </CustomBuild>
    <CustomBuild Include="GenerateSpecRepDlg.ui">
      <Filter>User Interface</Filter>
    </CustomBuild>
    <CustomBuild Include="GenerateProfRepDlg.h">
      <Filter>Header Files</Filter>
    </CustomBuild>
    <CustomBuild Include="GenerateSalesRepDlg.h">
      <Filter>Header Files</Filter>
    </CustomBuild>
    <CustomBuild Include="GenerateSpecRepDlg.h">
      <Filter>Header Files</Filter>
    </CustomBuild>
    <CustomBuild Include="GenerateAccRepDlg.ui">
      <Filter>User Interface</Filter>
    </CustomBuild>
    <CustomBuild Include="GenerateAccRepDlg.h">
      <Filter>Header Files</Filter>
    </CustomBuild>
    <CustomBuild Include="CreateBrhDlg.ui">
      <Filter>User Interface</Filter>
    </CustomBuild>
    <CustomBuild Include="CreateCASHERDlg.ui">
      <Filter>User Interface</Filter>
    </CustomBuild>
    <CustomBuild Include="CreateCbxDlg.ui">
      <Filter>User Interface</Filter>
    </CustomBuild>
    <CustomBuild Include="CreateWrhDlg.ui">
      <Filter>User Interface</Filter>
    </CustomBuild>
    <CustomBuild Include="CreateWrhTpDlg.ui">
      <Filter>User Interface</Filter>
    </CustomBuild>
    <CustomBuild Include="CreateWERDlg.ui">
      <Filter>User Interface</Filter>
    </CustomBuild>
    <CustomBuild Include="CreateBrhDlg.h">
      <Filter>Header Files</Filter>
    </CustomBuild>
    <CustomBuild Include="CreateCbxDlg.h">
      <Filter>Header Files</Filter>
    </CustomBuild>
    <CustomBuild Include="CreateCASHERDlg.h">
      <Filter>Header Files</Filter>
    </CustomBuild>
    <CustomBuild Include="CreateWERDlg.h">
      <Filter>Header Files</Filter>
    </CustomBuild>
    <CustomBuild Include="CreateWrhDlg.h">
      <Filter>Header Files</Filter>
    </CustomBuild>
    <CustomBuild Include="CreateWrhTpDlg.h">
      <Filter>Header Files</Filter>
    </CustomBuild>
    <CustomBuild Include="SearchDlg.h">
      <Filter>Header Files</Filter>
    </CustomBuild>
    <CustomBuild Include="SearchDlg.ui">
      <Filter>User Interface</Filter>
    </CustomBuild>
    <CustomBuild Include="CreateAcctbDlg.ui">
      <Filter>User Interface</Filter>
    </CustomBuild>
    <CustomBuild Include="CreateBrwDlg.ui">
      <Filter>User Interface</Filter>
    </CustomBuild>
    <CustomBuild Include="CreateCrdDlg.ui">
      <Filter>User Interface</Filter>
    </CustomBuild>
    <CustomBuild Include="CreateEmpPrdDlg.ui">
      <Filter>User Interface</Filter>
    </CustomBuild>
    <CustomBuild Include="CreateShrDlg.ui">
      <Filter>User Interface</Filter>
    </CustomBuild>
    <CustomBuild Include="CreateBrwDlg.h">
      <Filter>Header Files</Filter>
    </CustomBuild>
    <CustomBuild Include="CreateCrdDlg.h">
      <Filter>Header Files</Filter>
    </CustomBuild>
    <CustomBuild Include="CreateEmpPrdDlg.h">
      <Filter>Header Files</Filter>
    </CustomBuild>
    <CustomBuild Include="CreatePrdBrnDlg.h">
      <Filter>Header Files</Filter>
    </CustomBuild>
    <CustomBuild Include="CreateShrDlg.h">
      <Filter>Header Files</Filter>
    </CustomBuild>
    <CustomBuild Include="CreateAcctbDlg.h">
      <Filter>Header Files</Filter>
    </CustomBuild>
    <CustomBuild Include="CreatePrdBrnDlg.ui">
      <Filter>User Interface</Filter>
    </CustomBuild>
    <CustomBuild Include="CreateStockTrDlg.ui">
      <Filter>User Interface</Filter>
    </CustomBuild>
    <CustomBuild Include="CreateStockTrListDlg.ui">
      <Filter>User Interface</Filter>
    </CustomBuild>
    <CustomBuild Include="CreateStockTrDlg.h">
      <Filter>Header Files</Filter>
    </CustomBuild>
    <CustomBuild Include="CreateStockTrListDlg.h">
      <Filter>Header Files</Filter>
    </CustomBuild>
    <CustomBuild Include="SearchBox.h">
      <Filter>Header Files</Filter>
    </CustomBuild>
    <CustomBuild Include="ProductSuggest.h">
      <Filter>Header Files</Filter>
    </CustomBuild>
    <CustomBuild Include="GenerateWTBSDlg.ui">
      <Filter>User Interface</Filter>
    </CustomBuild>
    <CustomBuild Include="GenerateWTBSDlg.h">
      <Filter>Header Files</Filter>
    </CustomBuild>
    <CustomBuild Include="ReportForm.ui">
      <Filter>User Interface</Filter>
    </CustomBuild>
    <CustomBuild Include="ReportForm.h">
      <Filter>Header Files</Filter>
    </CustomBuild>
    <CustomBuild Include="CreateAmGrDlg.ui">
      <Filter>User Interface</Filter>
    </CustomBuild>
    <CustomBuild Include="CreateAmTypeDlg.ui">
      <Filter>User Interface</Filter>
    </CustomBuild>
    <CustomBuild Include="CreateFxdAstDlg.ui">
      <Filter>User Interface</Filter>
    </CustomBuild>
    <CustomBuild Include="CreateInveDlg.ui">
      <Filter>User Interface</Filter>
    </CustomBuild>
    <CustomBuild Include="CreateFxdAstDlg.h">
      <Filter>Header Files</Filter>
    </CustomBuild>
    <CustomBuild Include="CreateInveDlg.h">
      <Filter>Header Files</Filter>
    </CustomBuild>
    <CustomBuild Include="CreateFxdAstOperDlg.h">
      <Filter>Header Files</Filter>
    </CustomBuild>
    <CustomBuild Include="CreateFxdAstOperDlg.ui">
      <Filter>User Interface</Filter>
    </CustomBuild>
    <CustomBuild Include="CreateAmGrDlg.h">
      <Filter>Header Files</Filter>
    </CustomBuild>
    <CustomBuild Include="CreateAmTypeDlg.h">
      <Filter>Header Files</Filter>
    </CustomBuild>
    <CustomBuild Include="CreateDivAccDlg.ui">
      <Filter>User Interface</Filter>
    </CustomBuild>
    <CustomBuild Include="CreateDivAccDlg.h">
      <Filter>Header Files</Filter>
    </CustomBuild>
    <CustomBuild Include="CreateRcpOthStListDlg.h">
      <Filter>Header Files</Filter>
    </CustomBuild>
    <CustomBuild Include="CreateConOthStDlg.h">
      <Filter>Header Files</Filter>
    </CustomBuild>
    <CustomBuild Include="CreateConOthStListDlg.h">
      <Filter>Header Files</Filter>
    </CustomBuild>
    <CustomBuild Include="CreateLowValStockDlg.h">
      <Filter>Header Files</Filter>
    </CustomBuild>
    <CustomBuild Include="CreateOthStDlg.h">
      <Filter>Header Files</Filter>
    </CustomBuild>
    <CustomBuild Include="CreateRcpOthStDlg.h">
      <Filter>Header Files</Filter>
    </CustomBuild>
    <CustomBuild Include="CreateConOthStDlg.ui">
      <Filter>User Interface</Filter>
    </CustomBuild>
    <CustomBuild Include="CreateConOthStListDlg.ui">
      <Filter>User Interface</Filter>
    </CustomBuild>
    <CustomBuild Include="CreateLowValStockDlg.ui">
      <Filter>User Interface</Filter>
    </CustomBuild>
    <CustomBuild Include="CreateOthStDlg.ui">
      <Filter>User Interface</Filter>
    </CustomBuild>
    <CustomBuild Include="CreateRcpOthStDlg.ui">
      <Filter>User Interface</Filter>
    </CustomBuild>
    <CustomBuild Include="CreateRcpOthStListDlg.ui">
      <Filter>User Interface</Filter>
    </CustomBuild>
    <CustomBuild Include="CreateOthSTypeDlg.h">
      <Filter>Header Files</Filter>
    </CustomBuild>
    <CustomBuild Include="CreateOthSTypeDlg.ui">
      <Filter>User Interface</Filter>
    </CustomBuild>
    <CustomBuild Include="CreateGrpDlg.ui">
      <Filter>User Interface</Filter>
    </CustomBuild>
    <CustomBuild Include="CreateStockLmDlg.ui">
      <Filter>User Interface</Filter>
    </CustomBuild>
    <CustomBuild Include="CreateSAccLmDlg.ui">
      <Filter>User Interface</Filter>
    </CustomBuild>
    <CustomBuild Include="CreateUserGrDlg.ui">
      <Filter>User Interface</Filter>
    </CustomBuild>
    <CustomBuild Include="CreateGrpDlg.h">
      <Filter>Header Files</Filter>
    </CustomBuild>
    <CustomBuild Include="CreateSAccLmDlg.h">
      <Filter>Header Files</Filter>
    </CustomBuild>
    <CustomBuild Include="CreateStockLmDlg.h">
      <Filter>Header Files</Filter>
    </CustomBuild>
    <CustomBuild Include="CreateUserGrDlg.h">
      <Filter>Header Files</Filter>
    </CustomBuild>
    <CustomBuild Include="GenerateDailySalesRepDlg.ui">
      <Filter>User Interface</Filter>
    </CustomBuild>
    <CustomBuild Include="GenerateDailySalesRepDlg.h">
      <Filter>Header Files</Filter>
    </CustomBuild>
    <CustomBuild Include="CreateAccblRepDlg.ui">
      <Filter>User Interface</Filter>
    </CustomBuild>
    <CustomBuild Include="CreateAccblRepDlg.h">
      <Filter>Header Files</Filter>
    </CustomBuild>
    <CustomBuild Include="CreateAccblExpDlg.ui">
      <Filter>User Interface</Filter>
    </CustomBuild>
    <CustomBuild Include="CreateAccblEtrDlg.h">
      <Filter>Header Files</Filter>
    </CustomBuild>
    <CustomBuild Include="CreateAccblExpDlg.h">
      <Filter>Header Files</Filter>
    </CustomBuild>
    <CustomBuild Include="CreateAccblEtrDlg.ui">
      <Filter>User Interface</Filter>
    </CustomBuild>
    <CustomBuild Include="CreateBrSAccDlg.h">
      <Filter>Header Files</Filter>
    </CustomBuild>
    <CustomBuild Include="CreateBrSAccDlg.ui">
      <Filter>User Interface</Filter>
    </CustomBuild>
    <CustomBuild Include="GenerateAgentRepDlg.ui">
      <Filter>User Interface</Filter>
    </CustomBuild>
    <CustomBuild Include="GenerateComRepDlg.ui">
      <Filter>User Interface</Filter>
    </CustomBuild>
    <CustomBuild Include="GenerateAgentRepDlg.h">
      <Filter>Header Files</Filter>
    </CustomBuild>
    <CustomBuild Include="GenerateComRepDlg.h">
      <Filter>Header Files</Filter>
    </CustomBuild>
    <CustomBuild Include="GenerateFxAstRepDlg.h">
      <Filter>Header Files</Filter>
    </CustomBuild>
    <CustomBuild Include="GenerateFxAstRepDlg.ui" />
    <CustomBuild Include="GenerateWrRepDlg.ui">
      <Filter>User Interface</Filter>
    </CustomBuild>
    <CustomBuild Include="GenerateWrRepDlg.h">
      <Filter>Header Files</Filter>
    </CustomBuild>
  </ItemGroup>
  <ItemGroup>
    <ResourceCompile Include="OrmasAdmin.rc">
      <Filter>Resource Files</Filter>
    </ResourceCompile>
  </ItemGroup>
  <ItemGroup>
    <Image Include="ormas.ico">
      <Filter>Resource Files</Filter>
    </Image>
  </ItemGroup>
</Project>